// !$*UTF8*$!
{
	archiveVersion = 1;
	classes = {
	};
	objectVersion = 46;
	objects = {

/* Begin PBXBuildFile section */
		D43ED594142146F800D25EEC /* main.c in Sources */ = {isa = PBXBuildFile; fileRef = D43ED593142146F800D25EEC /* main.c */; };
		D4783B1C15ABDF8B004E7F2C /* Gem.c in Sources */ = {isa = PBXBuildFile; fileRef = D4783B1015ABDF8B004E7F2C /* Gem.c */; };
		D4783B1D15ABDF8B004E7F2C /* Jewelry.c in Sources */ = {isa = PBXBuildFile; fileRef = D4783B1215ABDF8B004E7F2C /* Jewelry.c */; };
		D4783B1E15ABDF8B004E7F2C /* MagicItem.c in Sources */ = {isa = PBXBuildFile; fileRef = D4783B1415ABDF8B004E7F2C /* MagicItem.c */; };
		D4783B1F15ABDF8B004E7F2C /* Treasure.c in Sources */ = {isa = PBXBuildFile; fileRef = D4783B1615ABDF8B004E7F2C /* Treasure.c */; };
		D4783B2015ABDF8B004E7F2C /* TreasureMap.c in Sources */ = {isa = PBXBuildFile; fileRef = D4783B1815ABDF8B004E7F2C /* TreasureMap.c */; };
		D4783B2115ABDF8B004E7F2C /* TreasureType.c in Sources */ = {isa = PBXBuildFile; fileRef = D4783B1A15ABDF8B004E7F2C /* TreasureType.c */; };
		D4783B2515ABDFE9004E7F2C /* Character.c in Sources */ = {isa = PBXBuildFile; fileRef = D4783B2315ABDFE9004E7F2C /* Character.c */; };
		D4783B2915ABDFF0004E7F2C /* Dungeon.c in Sources */ = {isa = PBXBuildFile; fileRef = D4783B2715ABDFF0004E7F2C /* Dungeon.c */; };
		D4783B2C15ABE045004E7F2C /* coinage.c in Sources */ = {isa = PBXBuildFile; fileRef = D4783B2A15ABE045004E7F2C /* coinage.c */; };
		D4783B3015ABE063004E7F2C /* Dice.c in Sources */ = {isa = PBXBuildFile; fileRef = D4783B2E15ABE063004E7F2C /* Dice.c */; };
		D4783B3815ABE10B004E7F2C /* heap.c in Sources */ = {isa = PBXBuildFile; fileRef = D4783B3415ABE10B004E7F2C /* heap.c */; };
		D4783B3915ABE10B004E7F2C /* unexpected.c in Sources */ = {isa = PBXBuildFile; fileRef = D4783B3615ABE10B004E7F2C /* unexpected.c */; };
		D4783B3E15ABE155004E7F2C /* DungeonTest.c in Sources */ = {isa = PBXBuildFile; fileRef = D4783B3B15ABE155004E7F2C /* DungeonTest.c */; };
		D4783B3F15ABE155004E7F2C /* DiceTest.c in Sources */ = {isa = PBXBuildFile; fileRef = D4783B3D15ABE155004E7F2C /* DiceTest.c */; };
		D4783B4015ABE17F004E7F2C /* Dice.c in Sources */ = {isa = PBXBuildFile; fileRef = D4783B2E15ABE063004E7F2C /* Dice.c */; };
		D4783B4115ABE18A004E7F2C /* Dungeon.c in Sources */ = {isa = PBXBuildFile; fileRef = D4783B2715ABDFF0004E7F2C /* Dungeon.c */; };
		D4783B4215ABE198004E7F2C /* heap.c in Sources */ = {isa = PBXBuildFile; fileRef = D4783B3415ABE10B004E7F2C /* heap.c */; };
		D4783B4315ABE19B004E7F2C /* unexpected.c in Sources */ = {isa = PBXBuildFile; fileRef = D4783B3615ABE10B004E7F2C /* unexpected.c */; };
		D4783B4915ABE7E5004E7F2C /* Tiles.c in Sources */ = {isa = PBXBuildFile; fileRef = D4783B4815ABE7E5004E7F2C /* Tiles.c */; };
		D4783B4A15ABE7F7004E7F2C /* Tiles.c in Sources */ = {isa = PBXBuildFile; fileRef = D4783B4815ABE7E5004E7F2C /* Tiles.c */; };
		D4783B4C15ABEB32004E7F2C /* TilesTest.c in Sources */ = {isa = PBXBuildFile; fileRef = D4783B4B15ABEB32004E7F2C /* TilesTest.c */; };
		D4F73462140EF4380096618F /* main.c in Sources */ = {isa = PBXBuildFile; fileRef = D4F73461140EF4380096618F /* main.c */; };
/* End PBXBuildFile section */

/* Begin PBXContainerItemProxy section */
		D43ED5A01421483C00D25EEC /* PBXContainerItemProxy */ = {
			isa = PBXContainerItemProxy;
			containerPortal = D4F73446140EF3DF0096618F /* Project object */;
			proxyType = 1;
			remoteGlobalIDString = D43ED58F142146F800D25EEC;
			remoteInfo = UnitTests;
		};
/* End PBXContainerItemProxy section */

/* Begin PBXCopyFilesBuildPhase section */
		D43ED58E142146F800D25EEC /* CopyFiles */ = {
			isa = PBXCopyFilesBuildPhase;
			buildActionMask = 2147483647;
			dstPath = /usr/share/man/man1/;
			dstSubfolderSpec = 0;
			files = (
			);
			runOnlyForDeploymentPostprocessing = 1;
		};
		D4F7344D140EF3DF0096618F /* CopyFiles */ = {
			isa = PBXCopyFilesBuildPhase;
			buildActionMask = 2147483647;
			dstPath = /usr/share/man/man1/;
			dstSubfolderSpec = 0;
			files = (
			);
			runOnlyForDeploymentPostprocessing = 1;
		};
/* End PBXCopyFilesBuildPhase section */

/* Begin PBXFileReference section */
		D420B2C914103887003DD56E /* treasure.txt */ = {isa = PBXFileReference; fileEncoding = 4; lastKnownFileType = text; path = treasure.txt; sourceTree = "<group>"; };
		D43ED590142146F800D25EEC /* UnitTests */ = {isa = PBXFileReference; explicitFileType = "compiled.mach-o.executable"; includeInIndex = 0; path = UnitTests; sourceTree = BUILT_PRODUCTS_DIR; };
		D43ED593142146F800D25EEC /* main.c */ = {isa = PBXFileReference; lastKnownFileType = sourcecode.c.c; path = main.c; sourceTree = "<group>"; };
		D4783B1015ABDF8B004E7F2C /* Gem.c */ = {isa = PBXFileReference; fileEncoding = 4; lastKnownFileType = sourcecode.c.c; path = Gem.c; sourceTree = "<group>"; };
		D4783B1115ABDF8B004E7F2C /* Gem.h */ = {isa = PBXFileReference; fileEncoding = 4; lastKnownFileType = sourcecode.c.h; path = Gem.h; sourceTree = "<group>"; };
		D4783B1215ABDF8B004E7F2C /* Jewelry.c */ = {isa = PBXFileReference; fileEncoding = 4; lastKnownFileType = sourcecode.c.c; path = Jewelry.c; sourceTree = "<group>"; };
		D4783B1315ABDF8B004E7F2C /* Jewelry.h */ = {isa = PBXFileReference; fileEncoding = 4; lastKnownFileType = sourcecode.c.h; path = Jewelry.h; sourceTree = "<group>"; };
		D4783B1415ABDF8B004E7F2C /* MagicItem.c */ = {isa = PBXFileReference; fileEncoding = 4; lastKnownFileType = sourcecode.c.c; path = MagicItem.c; sourceTree = "<group>"; };
		D4783B1515ABDF8B004E7F2C /* MagicItem.h */ = {isa = PBXFileReference; fileEncoding = 4; lastKnownFileType = sourcecode.c.h; path = MagicItem.h; sourceTree = "<group>"; };
		D4783B1615ABDF8B004E7F2C /* Treasure.c */ = {isa = PBXFileReference; fileEncoding = 4; lastKnownFileType = sourcecode.c.c; path = Treasure.c; sourceTree = "<group>"; };
		D4783B1715ABDF8B004E7F2C /* Treasure.h */ = {isa = PBXFileReference; fileEncoding = 4; lastKnownFileType = sourcecode.c.h; path = Treasure.h; sourceTree = "<group>"; };
		D4783B1815ABDF8B004E7F2C /* TreasureMap.c */ = {isa = PBXFileReference; fileEncoding = 4; lastKnownFileType = sourcecode.c.c; path = TreasureMap.c; sourceTree = "<group>"; };
		D4783B1915ABDF8B004E7F2C /* TreasureMap.h */ = {isa = PBXFileReference; fileEncoding = 4; lastKnownFileType = sourcecode.c.h; path = TreasureMap.h; sourceTree = "<group>"; };
		D4783B1A15ABDF8B004E7F2C /* TreasureType.c */ = {isa = PBXFileReference; fileEncoding = 4; lastKnownFileType = sourcecode.c.c; path = TreasureType.c; sourceTree = "<group>"; };
		D4783B1B15ABDF8B004E7F2C /* TreasureType.h */ = {isa = PBXFileReference; fileEncoding = 4; lastKnownFileType = sourcecode.c.h; path = TreasureType.h; sourceTree = "<group>"; };
		D4783B2315ABDFE9004E7F2C /* Character.c */ = {isa = PBXFileReference; fileEncoding = 4; lastKnownFileType = sourcecode.c.c; path = Character.c; sourceTree = "<group>"; };
		D4783B2415ABDFE9004E7F2C /* Character.h */ = {isa = PBXFileReference; fileEncoding = 4; lastKnownFileType = sourcecode.c.h; path = Character.h; sourceTree = "<group>"; };
		D4783B2715ABDFF0004E7F2C /* Dungeon.c */ = {isa = PBXFileReference; fileEncoding = 4; lastKnownFileType = sourcecode.c.c; path = Dungeon.c; sourceTree = "<group>"; };
		D4783B2815ABDFF0004E7F2C /* Dungeon.h */ = {isa = PBXFileReference; fileEncoding = 4; lastKnownFileType = sourcecode.c.h; path = Dungeon.h; sourceTree = "<group>"; };
		D4783B2A15ABE045004E7F2C /* coinage.c */ = {isa = PBXFileReference; fileEncoding = 4; lastKnownFileType = sourcecode.c.c; path = coinage.c; sourceTree = "<group>"; };
		D4783B2B15ABE045004E7F2C /* coinage.h */ = {isa = PBXFileReference; fileEncoding = 4; lastKnownFileType = sourcecode.c.h; path = coinage.h; sourceTree = "<group>"; };
		D4783B2E15ABE063004E7F2C /* Dice.c */ = {isa = PBXFileReference; fileEncoding = 4; lastKnownFileType = sourcecode.c.c; path = Dice.c; sourceTree = "<group>"; };
		D4783B2F15ABE063004E7F2C /* Dice.h */ = {isa = PBXFileReference; fileEncoding = 4; lastKnownFileType = sourcecode.c.h; path = Dice.h; sourceTree = "<group>"; };
		D4783B3215ABE0C7004E7F2C /* Boolean.h */ = {isa = PBXFileReference; fileEncoding = 4; lastKnownFileType = sourcecode.c.h; path = Boolean.h; sourceTree = "<group>"; };
		D4783B3415ABE10B004E7F2C /* heap.c */ = {isa = PBXFileReference; fileEncoding = 4; lastKnownFileType = sourcecode.c.c; path = heap.c; sourceTree = "<group>"; };
		D4783B3515ABE10B004E7F2C /* heap.h */ = {isa = PBXFileReference; fileEncoding = 4; lastKnownFileType = sourcecode.c.h; path = heap.h; sourceTree = "<group>"; };
		D4783B3615ABE10B004E7F2C /* unexpected.c */ = {isa = PBXFileReference; fileEncoding = 4; lastKnownFileType = sourcecode.c.c; path = unexpected.c; sourceTree = "<group>"; };
		D4783B3715ABE10B004E7F2C /* unexpected.h */ = {isa = PBXFileReference; fileEncoding = 4; lastKnownFileType = sourcecode.c.h; path = unexpected.h; sourceTree = "<group>"; };
		D4783B3B15ABE155004E7F2C /* DungeonTest.c */ = {isa = PBXFileReference; fileEncoding = 4; lastKnownFileType = sourcecode.c.c; path = DungeonTest.c; sourceTree = "<group>"; };
		D4783B3D15ABE155004E7F2C /* DiceTest.c */ = {isa = PBXFileReference; fileEncoding = 4; lastKnownFileType = sourcecode.c.c; path = DiceTest.c; sourceTree = "<group>"; };
		D4783B4415ABE484004E7F2C /* TileType.h */ = {isa = PBXFileReference; lastKnownFileType = sourcecode.c.h; path = TileType.h; sourceTree = "<group>"; };
		D4783B4615ABE561004E7F2C /* Tile.h */ = {isa = PBXFileReference; lastKnownFileType = sourcecode.c.h; path = Tile.h; sourceTree = "<group>"; };
		D4783B4715ABE698004E7F2C /* Tiles.h */ = {isa = PBXFileReference; lastKnownFileType = sourcecode.c.h; path = Tiles.h; sourceTree = "<group>"; };
		D4783B4815ABE7E5004E7F2C /* Tiles.c */ = {isa = PBXFileReference; fileEncoding = 4; lastKnownFileType = sourcecode.c.c; path = Tiles.c; sourceTree = "<group>"; };
		D4783B4B15ABEB32004E7F2C /* TilesTest.c */ = {isa = PBXFileReference; fileEncoding = 4; lastKnownFileType = sourcecode.c.c; path = TilesTest.c; sourceTree = "<group>"; };
		D4F244A114181FF5003BDED5 /* check */ = {isa = PBXFileReference; fileEncoding = 4; lastKnownFileType = text; path = check; sourceTree = "<group>"; };
		D4F244A31418207C003BDED5 /* check.out */ = {isa = PBXFileReference; fileEncoding = 4; lastKnownFileType = text; path = check.out; sourceTree = "<group>"; };
		D4F7344F140EF3E00096618F /* FiendsAndFortune */ = {isa = PBXFileReference; explicitFileType = "compiled.mach-o.executable"; includeInIndex = 0; path = FiendsAndFortune; sourceTree = BUILT_PRODUCTS_DIR; };
		D4F73461140EF4380096618F /* main.c */ = {isa = PBXFileReference; fileEncoding = 4; lastKnownFileType = sourcecode.c.c; path = main.c; sourceTree = "<group>"; };
		D4F73465140EF55C0096618F /* FiendsAndFortune.1 */ = {isa = PBXFileReference; fileEncoding = 4; lastKnownFileType = text.man; path = FiendsAndFortune.1; sourceTree = "<group>"; };
/* End PBXFileReference section */

/* Begin PBXFrameworksBuildPhase section */
		D43ED58D142146F800D25EEC /* Frameworks */ = {
			isa = PBXFrameworksBuildPhase;
			buildActionMask = 2147483647;
			files = (
			);
			runOnlyForDeploymentPostprocessing = 0;
		};
		D4F7344C140EF3DF0096618F /* Frameworks */ = {
			isa = PBXFrameworksBuildPhase;
			buildActionMask = 2147483647;
			files = (
			);
			runOnlyForDeploymentPostprocessing = 0;
		};
/* End PBXFrameworksBuildPhase section */

/* Begin PBXGroup section */
		D43ED592142146F800D25EEC /* UnitTests */ = {
			isa = PBXGroup;
			children = (
				D4783B3A15ABE155004E7F2C /* Dungeons */,
				D4783B3C15ABE155004E7F2C /* Game */,
				D43ED593142146F800D25EEC /* main.c */,
			);
			path = UnitTests;
			sourceTree = "<group>";
		};
		D4783B0F15ABDF8B004E7F2C /* Treasure */ = {
			isa = PBXGroup;
			children = (
				D4783B2A15ABE045004E7F2C /* coinage.c */,
				D4783B2B15ABE045004E7F2C /* coinage.h */,
				D4783B1015ABDF8B004E7F2C /* Gem.c */,
				D4783B1115ABDF8B004E7F2C /* Gem.h */,
				D4783B1215ABDF8B004E7F2C /* Jewelry.c */,
				D4783B1315ABDF8B004E7F2C /* Jewelry.h */,
				D4783B1415ABDF8B004E7F2C /* MagicItem.c */,
				D4783B1515ABDF8B004E7F2C /* MagicItem.h */,
				D4783B1615ABDF8B004E7F2C /* Treasure.c */,
				D4783B1715ABDF8B004E7F2C /* Treasure.h */,
				D4783B1815ABDF8B004E7F2C /* TreasureMap.c */,
				D4783B1915ABDF8B004E7F2C /* TreasureMap.h */,
				D4783B1A15ABDF8B004E7F2C /* TreasureType.c */,
				D4783B1B15ABDF8B004E7F2C /* TreasureType.h */,
			);
			path = Treasure;
			sourceTree = "<group>";
		};
		D4783B2215ABDFE9004E7F2C /* Characters */ = {
			isa = PBXGroup;
			children = (
				D4783B2315ABDFE9004E7F2C /* Character.c */,
				D4783B2415ABDFE9004E7F2C /* Character.h */,
			);
			path = Characters;
			sourceTree = "<group>";
		};
		D4783B2615ABDFF0004E7F2C /* Dungeons */ = {
			isa = PBXGroup;
			children = (
				D4783B2815ABDFF0004E7F2C /* Dungeon.h */,
				D4783B2715ABDFF0004E7F2C /* Dungeon.c */,
				D4783B4615ABE561004E7F2C /* Tile.h */,
				D4783B4715ABE698004E7F2C /* Tiles.h */,
				D4783B4815ABE7E5004E7F2C /* Tiles.c */,
				D4783B4415ABE484004E7F2C /* TileType.h */,
			);
			path = Dungeons;
			sourceTree = "<group>";
		};
		D4783B2D15ABE063004E7F2C /* Game */ = {
			isa = PBXGroup;
			children = (
				D4783B2E15ABE063004E7F2C /* Dice.c */,
				D4783B2F15ABE063004E7F2C /* Dice.h */,
			);
			path = Game;
			sourceTree = "<group>";
		};
		D4783B3115ABE0C7004E7F2C /* Types */ = {
			isa = PBXGroup;
			children = (
				D4783B3215ABE0C7004E7F2C /* Boolean.h */,
			);
			path = Types;
			sourceTree = "<group>";
		};
		D4783B3315ABE10B004E7F2C /* System */ = {
			isa = PBXGroup;
			children = (
				D4783B3415ABE10B004E7F2C /* heap.c */,
				D4783B3515ABE10B004E7F2C /* heap.h */,
				D4783B3615ABE10B004E7F2C /* unexpected.c */,
				D4783B3715ABE10B004E7F2C /* unexpected.h */,
			);
			path = System;
			sourceTree = "<group>";
		};
		D4783B3A15ABE155004E7F2C /* Dungeons */ = {
			isa = PBXGroup;
			children = (
				D4783B3B15ABE155004E7F2C /* DungeonTest.c */,
				D4783B4B15ABEB32004E7F2C /* TilesTest.c */,
			);
			path = Dungeons;
			sourceTree = "<group>";
		};
		D4783B3C15ABE155004E7F2C /* Game */ = {
			isa = PBXGroup;
			children = (
				D4783B3D15ABE155004E7F2C /* DiceTest.c */,
			);
			path = Game;
			sourceTree = "<group>";
		};
		D4F244A21418207C003BDED5 /* test */ = {
			isa = PBXGroup;
			children = (
				D4F244A31418207C003BDED5 /* check.out */,
			);
			path = test;
			sourceTree = "<group>";
		};
		D4F73444140EF3DF0096618F = {
			isa = PBXGroup;
			children = (
				D4F244A114181FF5003BDED5 /* check */,
				D4F73464140EF55C0096618F /* docs */,
				D4F73460140EF4380096618F /* src */,
				D4F244A21418207C003BDED5 /* test */,
				D43ED592142146F800D25EEC /* UnitTests */,
				D4F73450140EF3E00096618F /* Products */,
			);
			sourceTree = "<group>";
		};
		D4F73450140EF3E00096618F /* Products */ = {
			isa = PBXGroup;
			children = (
				D4F7344F140EF3E00096618F /* FiendsAndFortune */,
				D43ED590142146F800D25EEC /* UnitTests */,
			);
			name = Products;
			sourceTree = "<group>";
		};
		D4F73460140EF4380096618F /* src */ = {
			isa = PBXGroup;
			children = (
				D4783B2215ABDFE9004E7F2C /* Characters */,
				D4783B2615ABDFF0004E7F2C /* Dungeons */,
				D4783B2D15ABE063004E7F2C /* Game */,
				D4783B3315ABE10B004E7F2C /* System */,
				D4783B0F15ABDF8B004E7F2C /* Treasure */,
				D4783B3115ABE0C7004E7F2C /* Types */,
				D4F73461140EF4380096618F /* main.c */,
			);
			path = src;
			sourceTree = "<group>";
		};
		D4F73464140EF55C0096618F /* docs */ = {
			isa = PBXGroup;
			children = (
				D4F73465140EF55C0096618F /* FiendsAndFortune.1 */,
				D420B2C914103887003DD56E /* treasure.txt */,
			);
			path = docs;
			sourceTree = "<group>";
		};
/* End PBXGroup section */

/* Begin PBXNativeTarget section */
		D43ED58F142146F800D25EEC /* UnitTests */ = {
			isa = PBXNativeTarget;
			buildConfigurationList = D43ED599142146F800D25EEC /* Build configuration list for PBXNativeTarget "UnitTests" */;
			buildPhases = (
				D43ED58C142146F800D25EEC /* Sources */,
				D43ED58D142146F800D25EEC /* Frameworks */,
				D43ED58E142146F800D25EEC /* CopyFiles */,
			);
			buildRules = (
			);
			dependencies = (
			);
			name = UnitTests;
			productName = UnitTests;
			productReference = D43ED590142146F800D25EEC /* UnitTests */;
			productType = "com.apple.product-type.tool";
		};
		D4F7344E140EF3DF0096618F /* FiendsAndFortune */ = {
			isa = PBXNativeTarget;
			buildConfigurationList = D4F73459140EF3E00096618F /* Build configuration list for PBXNativeTarget "FiendsAndFortune" */;
			buildPhases = (
				D4F7344B140EF3DF0096618F /* Sources */,
				D4F7344C140EF3DF0096618F /* Frameworks */,
				D4F7344D140EF3DF0096618F /* CopyFiles */,
				D43ED59D1421477400D25EEC /* ShellScript */,
			);
			buildRules = (
			);
			dependencies = (
				D43ED5A11421483C00D25EEC /* PBXTargetDependency */,
			);
			name = FiendsAndFortune;
			productName = FiendsAndFortune;
			productReference = D4F7344F140EF3E00096618F /* FiendsAndFortune */;
			productType = "com.apple.product-type.tool";
		};
/* End PBXNativeTarget section */

/* Begin PBXProject section */
		D4F73446140EF3DF0096618F /* Project object */ = {
			isa = PBXProject;
			attributes = {
				LastUpgradeCheck = 0430;
				ORGANIZATIONNAME = "Able Pear Software";
			};
			buildConfigurationList = D4F73449140EF3DF0096618F /* Build configuration list for PBXProject "FiendsAndFortune" */;
			compatibilityVersion = "Xcode 3.2";
			developmentRegion = English;
			hasScannedForEncodings = 0;
			knownRegions = (
				en,
			);
			mainGroup = D4F73444140EF3DF0096618F;
			productRefGroup = D4F73450140EF3E00096618F /* Products */;
			projectDirPath = "";
			projectRoot = "";
			targets = (
				D4F7344E140EF3DF0096618F /* FiendsAndFortune */,
				D43ED58F142146F800D25EEC /* UnitTests */,
			);
		};
/* End PBXProject section */

/* Begin PBXShellScriptBuildPhase section */
		D43ED59D1421477400D25EEC /* ShellScript */ = {
			isa = PBXShellScriptBuildPhase;
			buildActionMask = 2147483647;
			files = (
			);
			inputPaths = (
			);
			outputPaths = (
			);
			runOnlyForDeploymentPostprocessing = 0;
			shellPath = /bin/sh;
			shellScript = build/Debug/UnitTests;
			showEnvVarsInLog = 0;
		};
/* End PBXShellScriptBuildPhase section */

/* Begin PBXSourcesBuildPhase section */
		D43ED58C142146F800D25EEC /* Sources */ = {
			isa = PBXSourcesBuildPhase;
			buildActionMask = 2147483647;
			files = (
				D43ED594142146F800D25EEC /* main.c in Sources */,
				D4783B3E15ABE155004E7F2C /* DungeonTest.c in Sources */,
				D4783B3F15ABE155004E7F2C /* DiceTest.c in Sources */,
				D4783B4015ABE17F004E7F2C /* Dice.c in Sources */,
				D4783B4115ABE18A004E7F2C /* Dungeon.c in Sources */,
				D4783B4215ABE198004E7F2C /* heap.c in Sources */,
				D4783B4315ABE19B004E7F2C /* unexpected.c in Sources */,
				D4783B4915ABE7E5004E7F2C /* Tiles.c in Sources */,
				D4783B4C15ABEB32004E7F2C /* TilesTest.c in Sources */,
			);
			runOnlyForDeploymentPostprocessing = 0;
		};
		D4F7344B140EF3DF0096618F /* Sources */ = {
			isa = PBXSourcesBuildPhase;
			buildActionMask = 2147483647;
			files = (
				D4F73462140EF4380096618F /* main.c in Sources */,
				D4783B1C15ABDF8B004E7F2C /* Gem.c in Sources */,
				D4783B1D15ABDF8B004E7F2C /* Jewelry.c in Sources */,
				D4783B1E15ABDF8B004E7F2C /* MagicItem.c in Sources */,
				D4783B1F15ABDF8B004E7F2C /* Treasure.c in Sources */,
				D4783B2015ABDF8B004E7F2C /* TreasureMap.c in Sources */,
				D4783B2115ABDF8B004E7F2C /* TreasureType.c in Sources */,
				D4783B2515ABDFE9004E7F2C /* Character.c in Sources */,
				D4783B2915ABDFF0004E7F2C /* Dungeon.c in Sources */,
				D4783B2C15ABE045004E7F2C /* coinage.c in Sources */,
				D4783B3015ABE063004E7F2C /* Dice.c in Sources */,
				D4783B3815ABE10B004E7F2C /* heap.c in Sources */,
				D4783B3915ABE10B004E7F2C /* unexpected.c in Sources */,
				D4783B4A15ABE7F7004E7F2C /* Tiles.c in Sources */,
			);
			runOnlyForDeploymentPostprocessing = 0;
		};
/* End PBXSourcesBuildPhase section */

/* Begin PBXTargetDependency section */
		D43ED5A11421483C00D25EEC /* PBXTargetDependency */ = {
			isa = PBXTargetDependency;
			target = D43ED58F142146F800D25EEC /* UnitTests */;
			targetProxy = D43ED5A01421483C00D25EEC /* PBXContainerItemProxy */;
		};
/* End PBXTargetDependency section */

/* Begin XCBuildConfiguration section */
		D43ED597142146F800D25EEC /* Debug */ = {
			isa = XCBuildConfiguration;
			buildSettings = {
				HEADER_SEARCH_PATHS = (
					src,
					UnitTests,
				);
				PRODUCT_NAME = "$(TARGET_NAME)";
			};
			name = Debug;
		};
		D43ED598142146F800D25EEC /* Release */ = {
			isa = XCBuildConfiguration;
			buildSettings = {
				HEADER_SEARCH_PATHS = (
					src,
					UnitTests,
				);
				PRODUCT_NAME = "$(TARGET_NAME)";
			};
			name = Release;
		};
		D4F73457140EF3E00096618F /* Debug */ = {
			isa = XCBuildConfiguration;
			buildSettings = {
				ALWAYS_SEARCH_USER_PATHS = NO;
				ARCHS = "$(ARCHS_STANDARD_64_BIT)";
				COPY_PHASE_STRIP = NO;
				GCC_C_LANGUAGE_STANDARD = gnu99;
				GCC_DYNAMIC_NO_PIC = NO;
				GCC_ENABLE_OBJC_EXCEPTIONS = YES;
				GCC_OPTIMIZATION_LEVEL = 0;
				GCC_PREPROCESSOR_DEFINITIONS = (
					"DEBUG=1",
					"$(inherited)",
				);
				GCC_SYMBOLS_PRIVATE_EXTERN = NO;
				GCC_VERSION = com.apple.compilers.llvm.clang.1_0;
				GCC_WARN_64_TO_32_BIT_CONVERSION = YES;
				GCC_WARN_ABOUT_MISSING_PROTOTYPES = YES;
				GCC_WARN_ABOUT_RETURN_TYPE = YES;
				GCC_WARN_UNUSED_VARIABLE = YES;
				MACOSX_DEPLOYMENT_TARGET = 10.7;
				ONLY_ACTIVE_ARCH = YES;
				SDKROOT = macosx;
			};
			name = Debug;
		};
		D4F73458140EF3E00096618F /* Release */ = {
			isa = XCBuildConfiguration;
			buildSettings = {
				ALWAYS_SEARCH_USER_PATHS = NO;
				ARCHS = "$(ARCHS_STANDARD_64_BIT)";
				COPY_PHASE_STRIP = YES;
				DEBUG_INFORMATION_FORMAT = "dwarf-with-dsym";
				GCC_C_LANGUAGE_STANDARD = gnu99;
				GCC_ENABLE_OBJC_EXCEPTIONS = YES;
				GCC_VERSION = com.apple.compilers.llvm.clang.1_0;
				GCC_WARN_64_TO_32_BIT_CONVERSION = YES;
				GCC_WARN_ABOUT_MISSING_PROTOTYPES = YES;
				GCC_WARN_ABOUT_RETURN_TYPE = YES;
				GCC_WARN_UNUSED_VARIABLE = YES;
				MACOSX_DEPLOYMENT_TARGET = 10.7;
				SDKROOT = macosx;
			};
			name = Release;
		};
		D4F7345A140EF3E00096618F /* Debug */ = {
			isa = XCBuildConfiguration;
			buildSettings = {
				GCC_TREAT_WARNINGS_AS_ERRORS = YES;
				HEADER_SEARCH_PATHS = src;
				PRODUCT_NAME = "$(TARGET_NAME)";
			};
			name = Debug;
		};
		D4F7345B140EF3E00096618F /* Release */ = {
			isa = XCBuildConfiguration;
			buildSettings = {
				GCC_TREAT_WARNINGS_AS_ERRORS = YES;
				HEADER_SEARCH_PATHS = src;
				PRODUCT_NAME = "$(TARGET_NAME)";
			};
			name = Release;
		};
/* End XCBuildConfiguration section */

/* Begin XCConfigurationList section */
		D43ED599142146F800D25EEC /* Build configuration list for PBXNativeTarget "UnitTests" */ = {
			isa = XCConfigurationList;
			buildConfigurations = (
				D43ED597142146F800D25EEC /* Debug */,
				D43ED598142146F800D25EEC /* Release */,
			);
			defaultConfigurationIsVisible = 0;
			defaultConfigurationName = Release;
		};
		D4F73449140EF3DF0096618F /* Build configuration list for PBXProject "FiendsAndFortune" */ = {
			isa = XCConfigurationList;
			buildConfigurations = (
				D4F73457140EF3E00096618F /* Debug */,
				D4F73458140EF3E00096618F /* Release */,
			);
			defaultConfigurationIsVisible = 0;
			defaultConfigurationName = Release;
		};
		D4F73459140EF3E00096618F /* Build configuration list for PBXNativeTarget "FiendsAndFortune" */ = {
			isa = XCConfigurationList;
			buildConfigurations = (
				D4F7345A140EF3E00096618F /* Debug */,
				D4F7345B140EF3E00096618F /* Release */,
			);
			defaultConfigurationIsVisible = 0;
			defaultConfigurationName = Release;
		};
/* End XCConfigurationList section */
	};
	rootObject = D4F73446140EF3DF0096618F /* Project object */;
}
