// !$*UTF8*$!
{
	archiveVersion = 1;
	classes = {
	};
	objectVersion = 46;
	objects = {

/* Begin PBXBuildFile section */
		B0F470B6DFA53A807F7AE464 /* point.c in Sources */ = {isa = PBXBuildFile; fileRef = B0F47633C943A4FC91EBA528 /* point.c */; };
		B0F474635F2AC067537A8662 /* dungeon.c in Sources */ = {isa = PBXBuildFile; fileRef = B0F47DEDA0B2CB7A8EA912A7 /* dungeon.c */; };
		B0F4753B39E946C40792F5FF /* tile.c in Sources */ = {isa = PBXBuildFile; fileRef = B0F47D983F07A2F764DAF60C /* tile.c */; };
		B0F477202981BC0C9DD1C2A6 /* area.c in Sources */ = {isa = PBXBuildFile; fileRef = B0F47EC5436BEF4BA333A66A /* area.c */; };
		B0F47B3923E323B22BE56B90 /* direction.c in Sources */ = {isa = PBXBuildFile; fileRef = B0F47EED5F7346D1FF553BE5 /* direction.c */; };
		B0F47B729F1E93B0CF8E29FF /* dungeon_test.c in Sources */ = {isa = PBXBuildFile; fileRef = B0F471A404ECD13E65B8B74D /* dungeon_test.c */; };
		B0F47DECA9C4F27D4FCF08CC /* point_test.c in Sources */ = {isa = PBXBuildFile; fileRef = B0F478FB65DDF0011D7955DB /* point_test.c */; };
		D406B6091C65672D0037171B /* text_rectangle.c in Sources */ = {isa = PBXBuildFile; fileRef = D406B6071C65672D0037171B /* text_rectangle.c */; };
		D406B60A1C65672D0037171B /* text_rectangle.h in Headers */ = {isa = PBXBuildFile; fileRef = D406B6081C65672D0037171B /* text_rectangle.h */; };
		D406B6471C66C5760037171B /* box.c in Sources */ = {isa = PBXBuildFile; fileRef = D406B6451C66C5760037171B /* box.c */; };
		D406B6481C66C5760037171B /* box.h in Headers */ = {isa = PBXBuildFile; fileRef = D406B6461C66C5760037171B /* box.h */; };
		D406B64B1C66C60F0037171B /* size.c in Sources */ = {isa = PBXBuildFile; fileRef = D406B6491C66C60F0037171B /* size.c */; };
		D406B64C1C66C60F0037171B /* size.h in Headers */ = {isa = PBXBuildFile; fileRef = D406B64A1C66C60F0037171B /* size.h */; };
		D406B64E1C66FFE00037171B /* box_test.c in Sources */ = {isa = PBXBuildFile; fileRef = D406B64D1C66FFE00037171B /* box_test.c */; };
		D4092F611B65D42B00BFD0B3 /* liblibfnf.a in Frameworks */ = {isa = PBXBuildFile; fileRef = D4092F5B1B65D3CA00BFD0B3 /* liblibfnf.a */; };
		D4092F621B65D43000BFD0B3 /* liblibfnf.a in Frameworks */ = {isa = PBXBuildFile; fileRef = D4092F5B1B65D3CA00BFD0B3 /* liblibfnf.a */; };
		D4092F881B65D6C200BFD0B3 /* alloc_or_die.c in Sources */ = {isa = PBXBuildFile; fileRef = D4092F7E1B65D6C200BFD0B3 /* alloc_or_die.c */; };
		D4092F891B65D6C200BFD0B3 /* alloc_or_die.h in Headers */ = {isa = PBXBuildFile; fileRef = D4092F7F1B65D6C200BFD0B3 /* alloc_or_die.h */; };
		D4092F8A1B65D6C200BFD0B3 /* dice.c in Sources */ = {isa = PBXBuildFile; fileRef = D4092F801B65D6C200BFD0B3 /* dice.c */; };
		D4092F8B1B65D6C200BFD0B3 /* dice.h in Headers */ = {isa = PBXBuildFile; fileRef = D4092F811B65D6C200BFD0B3 /* dice.h */; };
		D4092F8C1B65D6C200BFD0B3 /* fail.c in Sources */ = {isa = PBXBuildFile; fileRef = D4092F821B65D6C200BFD0B3 /* fail.c */; };
		D4092F8D1B65D6C200BFD0B3 /* fail.h in Headers */ = {isa = PBXBuildFile; fileRef = D4092F831B65D6C200BFD0B3 /* fail.h */; };
		D4092F8E1B65D6C200BFD0B3 /* rnd.c in Sources */ = {isa = PBXBuildFile; fileRef = D4092F841B65D6C200BFD0B3 /* rnd.c */; };
		D4092F8F1B65D6C200BFD0B3 /* rnd.h in Headers */ = {isa = PBXBuildFile; fileRef = D4092F851B65D6C200BFD0B3 /* rnd.h */; };
		D4092F901B65D6C200BFD0B3 /* str.c in Sources */ = {isa = PBXBuildFile; fileRef = D4092F861B65D6C200BFD0B3 /* str.c */; };
		D4092F911B65D6C200BFD0B3 /* str.h in Headers */ = {isa = PBXBuildFile; fileRef = D4092F871B65D6C200BFD0B3 /* str.h */; };
		D4092F941B65D80800BFD0B3 /* main.c in Sources */ = {isa = PBXBuildFile; fileRef = D4092F931B65D80800BFD0B3 /* main.c */; };
		D43ED594142146F800D25EEC /* main.c in Sources */ = {isa = PBXBuildFile; fileRef = D43ED593142146F800D25EEC /* main.c */; };
		D45178471B5CB43600F26844 /* dice_test.c in Sources */ = {isa = PBXBuildFile; fileRef = D45178461B5CB43600F26844 /* dice_test.c */; };
		D45178761B63679200F26844 /* str_test.c in Sources */ = {isa = PBXBuildFile; fileRef = D45178751B63679200F26844 /* str_test.c */; };
		D4BD32A71B6A06560007527A /* coins.c in Sources */ = {isa = PBXBuildFile; fileRef = D4BD32991B6A06560007527A /* coins.c */; };
		D4BD32A81B6A06560007527A /* coins.h in Headers */ = {isa = PBXBuildFile; fileRef = D4BD329A1B6A06560007527A /* coins.h */; };
		D4BD32A91B6A06560007527A /* gem.c in Sources */ = {isa = PBXBuildFile; fileRef = D4BD329B1B6A06560007527A /* gem.c */; };
		D4BD32AA1B6A06560007527A /* gem.h in Headers */ = {isa = PBXBuildFile; fileRef = D4BD329C1B6A06560007527A /* gem.h */; };
		D4BD32AB1B6A06560007527A /* jewelry.c in Sources */ = {isa = PBXBuildFile; fileRef = D4BD329D1B6A06560007527A /* jewelry.c */; };
		D4BD32AC1B6A06560007527A /* jewelry.h in Headers */ = {isa = PBXBuildFile; fileRef = D4BD329E1B6A06560007527A /* jewelry.h */; };
		D4BD32AD1B6A06560007527A /* magic_item.c in Sources */ = {isa = PBXBuildFile; fileRef = D4BD329F1B6A06560007527A /* magic_item.c */; };
		D4BD32AE1B6A06560007527A /* magic_item.h in Headers */ = {isa = PBXBuildFile; fileRef = D4BD32A01B6A06560007527A /* magic_item.h */; };
		D4BD32AF1B6A06560007527A /* treasure.c in Sources */ = {isa = PBXBuildFile; fileRef = D4BD32A11B6A06560007527A /* treasure.c */; };
		D4BD32B01B6A06560007527A /* treasure.h in Headers */ = {isa = PBXBuildFile; fileRef = D4BD32A21B6A06560007527A /* treasure.h */; };
		D4BD32B11B6A06560007527A /* treasure_map.c in Sources */ = {isa = PBXBuildFile; fileRef = D4BD32A31B6A06560007527A /* treasure_map.c */; };
		D4BD32B21B6A06560007527A /* treasure_map.h in Headers */ = {isa = PBXBuildFile; fileRef = D4BD32A41B6A06560007527A /* treasure_map.h */; };
		D4BD32B31B6A06560007527A /* treasure_type.c in Sources */ = {isa = PBXBuildFile; fileRef = D4BD32A51B6A06560007527A /* treasure_type.c */; };
		D4BD32B41B6A06560007527A /* treasure_type.h in Headers */ = {isa = PBXBuildFile; fileRef = D4BD32A61B6A06560007527A /* treasure_type.h */; };
		D4BD32B81B6AE3AA0007527A /* character.c in Sources */ = {isa = PBXBuildFile; fileRef = D4BD32B61B6AE3AA0007527A /* character.c */; };
		D4BD32B91B6AE3AA0007527A /* character.h in Headers */ = {isa = PBXBuildFile; fileRef = D4BD32B71B6AE3AA0007527A /* character.h */; };
		D4BD32C61B6AECE90007527A /* language.c in Sources */ = {isa = PBXBuildFile; fileRef = D4BD32C21B6AECE90007527A /* language.c */; };
		D4BD32C71B6AECE90007527A /* language.h in Headers */ = {isa = PBXBuildFile; fileRef = D4BD32C31B6AECE90007527A /* language.h */; };
		D4BD32C81B6AECE90007527A /* spell.c in Sources */ = {isa = PBXBuildFile; fileRef = D4BD32C41B6AECE90007527A /* spell.c */; };
		D4BD32C91B6AECE90007527A /* spell.h in Headers */ = {isa = PBXBuildFile; fileRef = D4BD32C51B6AECE90007527A /* spell.h */; };
		D4D495B41C61D2F100BC80C9 /* generator_test.c in Sources */ = {isa = PBXBuildFile; fileRef = D4D495B31C61D2F100BC80C9 /* generator_test.c */; };
		D4D495B81C6321A000BC80C9 /* orientation.c in Sources */ = {isa = PBXBuildFile; fileRef = D4D495B61C6321A000BC80C9 /* orientation.c */; };
		D4D495B91C6321A000BC80C9 /* orientation.h in Headers */ = {isa = PBXBuildFile; fileRef = D4D495B71C6321A000BC80C9 /* orientation.h */; };
		D4D495C01C643D2600BC80C9 /* level_map.c in Sources */ = {isa = PBXBuildFile; fileRef = D4D495BE1C643D2600BC80C9 /* level_map.c */; };
		D4D495C11C643D2600BC80C9 /* level_map.h in Headers */ = {isa = PBXBuildFile; fileRef = D4D495BF1C643D2600BC80C9 /* level_map.h */; };
		D4EA14DA1C5EE1A400EF508F /* generator.c in Sources */ = {isa = PBXBuildFile; fileRef = D4EA14D81C5EE1A400EF508F /* generator.c */; };
		D4EA14DB1C5EE1A400EF508F /* generator.h in Headers */ = {isa = PBXBuildFile; fileRef = D4EA14D91C5EE1A400EF508F /* generator.h */; };
		D4EA14DE1C602CDB00EF508F /* digger.c in Sources */ = {isa = PBXBuildFile; fileRef = D4EA14DC1C602CDB00EF508F /* digger.c */; };
		D4EA14DF1C602CDB00EF508F /* digger.h in Headers */ = {isa = PBXBuildFile; fileRef = D4EA14DD1C602CDB00EF508F /* digger.h */; };
/* End PBXBuildFile section */

/* Begin PBXContainerItemProxy section */
		D4092F5F1B65D42700BFD0B3 /* PBXContainerItemProxy */ = {
			isa = PBXContainerItemProxy;
			containerPortal = D4F73446140EF3DF0096618F /* Project object */;
			proxyType = 1;
			remoteGlobalIDString = D4092F5A1B65D3CA00BFD0B3;
			remoteInfo = fiends_and_fortune;
		};
		D4092F631B65D43300BFD0B3 /* PBXContainerItemProxy */ = {
			isa = PBXContainerItemProxy;
			containerPortal = D4F73446140EF3DF0096618F /* Project object */;
			proxyType = 1;
			remoteGlobalIDString = D4092F5A1B65D3CA00BFD0B3;
			remoteInfo = fiends_and_fortune;
		};
		D4D495AF1C61CBF000BC80C9 /* PBXContainerItemProxy */ = {
			isa = PBXContainerItemProxy;
			containerPortal = D4F73446140EF3DF0096618F /* Project object */;
			proxyType = 1;
			remoteGlobalIDString = D43ED58F142146F800D25EEC;
			remoteInfo = UnitTests;
		};
		D4F150951B673E3000711F34 /* PBXContainerItemProxy */ = {
			isa = PBXContainerItemProxy;
			containerPortal = D4F73446140EF3DF0096618F /* Project object */;
			proxyType = 1;
			remoteGlobalIDString = D4F7344E140EF3DF0096618F;
			remoteInfo = fnf;
		};
/* End PBXContainerItemProxy section */

/* Begin PBXCopyFilesBuildPhase section */
		D43ED58E142146F800D25EEC /* CopyFiles */ = {
			isa = PBXCopyFilesBuildPhase;
			buildActionMask = 2147483647;
			dstPath = /usr/share/man/man1/;
			dstSubfolderSpec = 0;
			files = (
			);
			runOnlyForDeploymentPostprocessing = 1;
		};
		D4F7344D140EF3DF0096618F /* CopyFiles */ = {
			isa = PBXCopyFilesBuildPhase;
			buildActionMask = 2147483647;
			dstPath = /usr/share/man/man1/;
			dstSubfolderSpec = 0;
			files = (
			);
			runOnlyForDeploymentPostprocessing = 1;
		};
/* End PBXCopyFilesBuildPhase section */

/* Begin PBXFileReference section */
		B0F471A404ECD13E65B8B74D /* dungeon_test.c */ = {isa = PBXFileReference; fileEncoding = 4; lastKnownFileType = sourcecode.c.c; path = dungeon_test.c; sourceTree = "<group>"; };
		B0F4724991F2E84B4A619A4A /* direction.h */ = {isa = PBXFileReference; fileEncoding = 4; lastKnownFileType = sourcecode.c.h; path = direction.h; sourceTree = "<group>"; };
		B0F4737EABC473ABC0211C7B /* dungeon.h */ = {isa = PBXFileReference; fileEncoding = 4; lastKnownFileType = sourcecode.c.h; path = dungeon.h; sourceTree = "<group>"; };
		B0F47633C943A4FC91EBA528 /* point.c */ = {isa = PBXFileReference; fileEncoding = 4; lastKnownFileType = sourcecode.c.c; path = point.c; sourceTree = "<group>"; };
		B0F476949E9068D9FFB2A6D8 /* TODO.txt */ = {isa = PBXFileReference; fileEncoding = 4; lastKnownFileType = text; path = TODO.txt; sourceTree = "<group>"; };
		B0F4781E370CABD41015CC68 /* area_type.h */ = {isa = PBXFileReference; fileEncoding = 4; lastKnownFileType = sourcecode.c.h; path = area_type.h; sourceTree = "<group>"; };
		B0F478FB65DDF0011D7955DB /* point_test.c */ = {isa = PBXFileReference; fileEncoding = 4; lastKnownFileType = sourcecode.c.c; path = point_test.c; sourceTree = "<group>"; };
		B0F47A2D24BACF0D47681405 /* tile_type.h */ = {isa = PBXFileReference; fileEncoding = 4; lastKnownFileType = sourcecode.c.h; path = tile_type.h; sourceTree = "<group>"; };
		B0F47C5F87990226BA682C7E /* point.h */ = {isa = PBXFileReference; fileEncoding = 4; lastKnownFileType = sourcecode.c.h; path = point.h; sourceTree = "<group>"; };
		B0F47D983F07A2F764DAF60C /* tile.c */ = {isa = PBXFileReference; fileEncoding = 4; lastKnownFileType = sourcecode.c.c; path = tile.c; sourceTree = "<group>"; };
		B0F47DEDA0B2CB7A8EA912A7 /* dungeon.c */ = {isa = PBXFileReference; fileEncoding = 4; lastKnownFileType = sourcecode.c.c; path = dungeon.c; sourceTree = "<group>"; };
		B0F47DF45A0BCE575009B9D0 /* area.h */ = {isa = PBXFileReference; fileEncoding = 4; lastKnownFileType = sourcecode.c.h; path = area.h; sourceTree = "<group>"; };
		B0F47EC5436BEF4BA333A66A /* area.c */ = {isa = PBXFileReference; fileEncoding = 4; lastKnownFileType = sourcecode.c.c; path = area.c; sourceTree = "<group>"; };
		B0F47ECAB001875322D69DA2 /* tile.h */ = {isa = PBXFileReference; fileEncoding = 4; lastKnownFileType = sourcecode.c.h; path = tile.h; sourceTree = "<group>"; };
		B0F47EED5F7346D1FF553BE5 /* direction.c */ = {isa = PBXFileReference; fileEncoding = 4; lastKnownFileType = sourcecode.c.c; path = direction.c; sourceTree = "<group>"; };
		D406B6071C65672D0037171B /* text_rectangle.c */ = {isa = PBXFileReference; fileEncoding = 4; lastKnownFileType = sourcecode.c.c; path = text_rectangle.c; sourceTree = "<group>"; };
		D406B6081C65672D0037171B /* text_rectangle.h */ = {isa = PBXFileReference; fileEncoding = 4; lastKnownFileType = sourcecode.c.h; path = text_rectangle.h; sourceTree = "<group>"; };
		D406B6451C66C5760037171B /* box.c */ = {isa = PBXFileReference; fileEncoding = 4; lastKnownFileType = sourcecode.c.c; path = box.c; sourceTree = "<group>"; };
		D406B6461C66C5760037171B /* box.h */ = {isa = PBXFileReference; fileEncoding = 4; lastKnownFileType = sourcecode.c.h; path = box.h; sourceTree = "<group>"; };
		D406B6491C66C60F0037171B /* size.c */ = {isa = PBXFileReference; fileEncoding = 4; lastKnownFileType = sourcecode.c.c; path = size.c; sourceTree = "<group>"; };
		D406B64A1C66C60F0037171B /* size.h */ = {isa = PBXFileReference; fileEncoding = 4; lastKnownFileType = sourcecode.c.h; path = size.h; sourceTree = "<group>"; };
		D406B64D1C66FFE00037171B /* box_test.c */ = {isa = PBXFileReference; fileEncoding = 4; lastKnownFileType = sourcecode.c.c; path = box_test.c; sourceTree = "<group>"; };
		D406B64F1C6857A30037171B /* wall_type.h */ = {isa = PBXFileReference; lastKnownFileType = sourcecode.c.h; path = wall_type.h; sourceTree = "<group>"; };
		D4092F5B1B65D3CA00BFD0B3 /* liblibfnf.a */ = {isa = PBXFileReference; explicitFileType = archive.ar; includeInIndex = 0; path = liblibfnf.a; sourceTree = BUILT_PRODUCTS_DIR; };
		D4092F7E1B65D6C200BFD0B3 /* alloc_or_die.c */ = {isa = PBXFileReference; fileEncoding = 4; lastKnownFileType = sourcecode.c.c; path = alloc_or_die.c; sourceTree = "<group>"; };
		D4092F7F1B65D6C200BFD0B3 /* alloc_or_die.h */ = {isa = PBXFileReference; fileEncoding = 4; lastKnownFileType = sourcecode.c.h; path = alloc_or_die.h; sourceTree = "<group>"; };
		D4092F801B65D6C200BFD0B3 /* dice.c */ = {isa = PBXFileReference; fileEncoding = 4; lastKnownFileType = sourcecode.c.c; path = dice.c; sourceTree = "<group>"; };
		D4092F811B65D6C200BFD0B3 /* dice.h */ = {isa = PBXFileReference; fileEncoding = 4; lastKnownFileType = sourcecode.c.h; path = dice.h; sourceTree = "<group>"; };
		D4092F821B65D6C200BFD0B3 /* fail.c */ = {isa = PBXFileReference; fileEncoding = 4; lastKnownFileType = sourcecode.c.c; path = fail.c; sourceTree = "<group>"; };
		D4092F831B65D6C200BFD0B3 /* fail.h */ = {isa = PBXFileReference; fileEncoding = 4; lastKnownFileType = sourcecode.c.h; path = fail.h; sourceTree = "<group>"; };
		D4092F841B65D6C200BFD0B3 /* rnd.c */ = {isa = PBXFileReference; fileEncoding = 4; lastKnownFileType = sourcecode.c.c; path = rnd.c; sourceTree = "<group>"; };
		D4092F851B65D6C200BFD0B3 /* rnd.h */ = {isa = PBXFileReference; fileEncoding = 4; lastKnownFileType = sourcecode.c.h; path = rnd.h; sourceTree = "<group>"; };
		D4092F861B65D6C200BFD0B3 /* str.c */ = {isa = PBXFileReference; fileEncoding = 4; lastKnownFileType = sourcecode.c.c; path = str.c; sourceTree = "<group>"; };
		D4092F871B65D6C200BFD0B3 /* str.h */ = {isa = PBXFileReference; fileEncoding = 4; lastKnownFileType = sourcecode.c.h; path = str.h; sourceTree = "<group>"; };
		D4092F931B65D80800BFD0B3 /* main.c */ = {isa = PBXFileReference; fileEncoding = 4; lastKnownFileType = sourcecode.c.c; path = main.c; sourceTree = "<group>"; };
		D41D32CA1A4339BC00484607 /* LICENSE */ = {isa = PBXFileReference; lastKnownFileType = text; path = LICENSE; sourceTree = "<group>"; };
		D41D32CB1A4339BC00484607 /* README.md */ = {isa = PBXFileReference; lastKnownFileType = net.daringfireball.markdown; path = README.md; sourceTree = "<group>"; };
		D43ED590142146F800D25EEC /* UnitTests */ = {isa = PBXFileReference; explicitFileType = "compiled.mach-o.executable"; includeInIndex = 0; path = UnitTests; sourceTree = BUILT_PRODUCTS_DIR; };
		D43ED593142146F800D25EEC /* main.c */ = {isa = PBXFileReference; lastKnownFileType = sourcecode.c.c; path = main.c; sourceTree = "<group>"; };
		D45178461B5CB43600F26844 /* dice_test.c */ = {isa = PBXFileReference; fileEncoding = 4; lastKnownFileType = sourcecode.c.c; path = dice_test.c; sourceTree = "<group>"; };
		D45178751B63679200F26844 /* str_test.c */ = {isa = PBXFileReference; fileEncoding = 4; lastKnownFileType = sourcecode.c.c; path = str_test.c; sourceTree = "<group>"; };
		D48C3B0C1B66E5B000A98ED7 /* Makefile */ = {isa = PBXFileReference; explicitFileType = sourcecode.make; path = Makefile; sourceTree = "<group>"; usesTabs = 1; };
		D4BCC61517D30DD000C76D11 /* docs */ = {isa = PBXFileReference; lastKnownFileType = folder; path = docs; sourceTree = "<group>"; };
		D4BD32991B6A06560007527A /* coins.c */ = {isa = PBXFileReference; fileEncoding = 4; lastKnownFileType = sourcecode.c.c; path = coins.c; sourceTree = "<group>"; };
		D4BD329A1B6A06560007527A /* coins.h */ = {isa = PBXFileReference; fileEncoding = 4; lastKnownFileType = sourcecode.c.h; path = coins.h; sourceTree = "<group>"; };
		D4BD329B1B6A06560007527A /* gem.c */ = {isa = PBXFileReference; fileEncoding = 4; lastKnownFileType = sourcecode.c.c; path = gem.c; sourceTree = "<group>"; };
		D4BD329C1B6A06560007527A /* gem.h */ = {isa = PBXFileReference; fileEncoding = 4; lastKnownFileType = sourcecode.c.h; path = gem.h; sourceTree = "<group>"; };
		D4BD329D1B6A06560007527A /* jewelry.c */ = {isa = PBXFileReference; fileEncoding = 4; lastKnownFileType = sourcecode.c.c; path = jewelry.c; sourceTree = "<group>"; };
		D4BD329E1B6A06560007527A /* jewelry.h */ = {isa = PBXFileReference; fileEncoding = 4; lastKnownFileType = sourcecode.c.h; path = jewelry.h; sourceTree = "<group>"; };
		D4BD329F1B6A06560007527A /* magic_item.c */ = {isa = PBXFileReference; fileEncoding = 4; lastKnownFileType = sourcecode.c.c; path = magic_item.c; sourceTree = "<group>"; };
		D4BD32A01B6A06560007527A /* magic_item.h */ = {isa = PBXFileReference; fileEncoding = 4; lastKnownFileType = sourcecode.c.h; path = magic_item.h; sourceTree = "<group>"; };
		D4BD32A11B6A06560007527A /* treasure.c */ = {isa = PBXFileReference; fileEncoding = 4; lastKnownFileType = sourcecode.c.c; path = treasure.c; sourceTree = "<group>"; };
		D4BD32A21B6A06560007527A /* treasure.h */ = {isa = PBXFileReference; fileEncoding = 4; lastKnownFileType = sourcecode.c.h; path = treasure.h; sourceTree = "<group>"; };
		D4BD32A31B6A06560007527A /* treasure_map.c */ = {isa = PBXFileReference; fileEncoding = 4; lastKnownFileType = sourcecode.c.c; path = treasure_map.c; sourceTree = "<group>"; };
		D4BD32A41B6A06560007527A /* treasure_map.h */ = {isa = PBXFileReference; fileEncoding = 4; lastKnownFileType = sourcecode.c.h; path = treasure_map.h; sourceTree = "<group>"; };
		D4BD32A51B6A06560007527A /* treasure_type.c */ = {isa = PBXFileReference; fileEncoding = 4; lastKnownFileType = sourcecode.c.c; path = treasure_type.c; sourceTree = "<group>"; };
		D4BD32A61B6A06560007527A /* treasure_type.h */ = {isa = PBXFileReference; fileEncoding = 4; lastKnownFileType = sourcecode.c.h; path = treasure_type.h; sourceTree = "<group>"; };
		D4BD32B61B6AE3AA0007527A /* character.c */ = {isa = PBXFileReference; fileEncoding = 4; lastKnownFileType = sourcecode.c.c; path = character.c; sourceTree = "<group>"; };
		D4BD32B71B6AE3AA0007527A /* character.h */ = {isa = PBXFileReference; fileEncoding = 4; lastKnownFileType = sourcecode.c.h; path = character.h; sourceTree = "<group>"; };
		D4BD32C21B6AECE90007527A /* language.c */ = {isa = PBXFileReference; fileEncoding = 4; lastKnownFileType = sourcecode.c.c; path = language.c; sourceTree = "<group>"; };
		D4BD32C31B6AECE90007527A /* language.h */ = {isa = PBXFileReference; fileEncoding = 4; lastKnownFileType = sourcecode.c.h; path = language.h; sourceTree = "<group>"; };
		D4BD32C41B6AECE90007527A /* spell.c */ = {isa = PBXFileReference; fileEncoding = 4; lastKnownFileType = sourcecode.c.c; path = spell.c; sourceTree = "<group>"; };
		D4BD32C51B6AECE90007527A /* spell.h */ = {isa = PBXFileReference; fileEncoding = 4; lastKnownFileType = sourcecode.c.h; path = spell.h; sourceTree = "<group>"; };
		D4D495B31C61D2F100BC80C9 /* generator_test.c */ = {isa = PBXFileReference; fileEncoding = 4; lastKnownFileType = sourcecode.c.c; path = generator_test.c; sourceTree = "<group>"; };
		D4D495B51C62B16E00BC80C9 /* api_conventions.md */ = {isa = PBXFileReference; lastKnownFileType = net.daringfireball.markdown; path = api_conventions.md; sourceTree = "<group>"; };
		D4D495B61C6321A000BC80C9 /* orientation.c */ = {isa = PBXFileReference; fileEncoding = 4; lastKnownFileType = sourcecode.c.c; path = orientation.c; sourceTree = "<group>"; };
		D4D495B71C6321A000BC80C9 /* orientation.h */ = {isa = PBXFileReference; fileEncoding = 4; lastKnownFileType = sourcecode.c.h; path = orientation.h; sourceTree = "<group>"; };
		D4D495BE1C643D2600BC80C9 /* level_map.c */ = {isa = PBXFileReference; fileEncoding = 4; lastKnownFileType = sourcecode.c.c; path = level_map.c; sourceTree = "<group>"; };
		D4D495BF1C643D2600BC80C9 /* level_map.h */ = {isa = PBXFileReference; fileEncoding = 4; lastKnownFileType = sourcecode.c.h; path = level_map.h; sourceTree = "<group>"; };
		D4EA14D81C5EE1A400EF508F /* generator.c */ = {isa = PBXFileReference; fileEncoding = 4; lastKnownFileType = sourcecode.c.c; path = generator.c; sourceTree = "<group>"; };
		D4EA14D91C5EE1A400EF508F /* generator.h */ = {isa = PBXFileReference; fileEncoding = 4; lastKnownFileType = sourcecode.c.h; path = generator.h; sourceTree = "<group>"; };
		D4EA14DC1C602CDB00EF508F /* digger.c */ = {isa = PBXFileReference; fileEncoding = 4; lastKnownFileType = sourcecode.c.c; path = digger.c; sourceTree = "<group>"; };
		D4EA14DD1C602CDB00EF508F /* digger.h */ = {isa = PBXFileReference; fileEncoding = 4; lastKnownFileType = sourcecode.c.h; path = digger.h; sourceTree = "<group>"; };
		D4F244A31418207C003BDED5 /* check.out */ = {isa = PBXFileReference; fileEncoding = 4; lastKnownFileType = text; path = check.out; sourceTree = "<group>"; };
		D4F7344F140EF3E00096618F /* fnf */ = {isa = PBXFileReference; explicitFileType = "compiled.mach-o.executable"; includeInIndex = 0; path = fnf; sourceTree = BUILT_PRODUCTS_DIR; };
/* End PBXFileReference section */

/* Begin PBXFrameworksBuildPhase section */
		D4092F581B65D3CA00BFD0B3 /* Frameworks */ = {
			isa = PBXFrameworksBuildPhase;
			buildActionMask = 2147483647;
			files = (
			);
			runOnlyForDeploymentPostprocessing = 0;
		};
		D43ED58D142146F800D25EEC /* Frameworks */ = {
			isa = PBXFrameworksBuildPhase;
			buildActionMask = 2147483647;
			files = (
				D4092F621B65D43000BFD0B3 /* liblibfnf.a in Frameworks */,
			);
			runOnlyForDeploymentPostprocessing = 0;
		};
		D4F7344C140EF3DF0096618F /* Frameworks */ = {
			isa = PBXFrameworksBuildPhase;
			buildActionMask = 2147483647;
			files = (
				D4092F611B65D42B00BFD0B3 /* liblibfnf.a in Frameworks */,
			);
			runOnlyForDeploymentPostprocessing = 0;
		};
/* End PBXFrameworksBuildPhase section */

/* Begin PBXGroup section */
		D4092F7D1B65D6C200BFD0B3 /* common */ = {
			isa = PBXGroup;
			children = (
				D4092F7F1B65D6C200BFD0B3 /* alloc_or_die.h */,
				D4092F7E1B65D6C200BFD0B3 /* alloc_or_die.c */,
				D4092F811B65D6C200BFD0B3 /* dice.h */,
				D4092F801B65D6C200BFD0B3 /* dice.c */,
				D4092F831B65D6C200BFD0B3 /* fail.h */,
				D4092F821B65D6C200BFD0B3 /* fail.c */,
				D4BD32C31B6AECE90007527A /* language.h */,
				D4BD32C21B6AECE90007527A /* language.c */,
				D4092F851B65D6C200BFD0B3 /* rnd.h */,
				D4092F841B65D6C200BFD0B3 /* rnd.c */,
				D4BD32C51B6AECE90007527A /* spell.h */,
				D4BD32C41B6AECE90007527A /* spell.c */,
				D4092F871B65D6C200BFD0B3 /* str.h */,
				D4092F861B65D6C200BFD0B3 /* str.c */,
			);
			path = common;
			sourceTree = "<group>";
		};
		D4092F921B65D80800BFD0B3 /* fnf */ = {
			isa = PBXGroup;
			children = (
				D4092F931B65D80800BFD0B3 /* main.c */,
			);
			path = fnf;
			sourceTree = "<group>";
		};
		D43ED592142146F800D25EEC /* UnitTests */ = {
			isa = PBXGroup;
			children = (
				D4BD32CF1B6B1EFB0007527A /* dungeon */,
				D45178461B5CB43600F26844 /* dice_test.c */,
				D43ED593142146F800D25EEC /* main.c */,
				D45178751B63679200F26844 /* str_test.c */,
			);
			path = UnitTests;
			sourceTree = "<group>";
		};
		D4BD32981B6A06560007527A /* treasure */ = {
			isa = PBXGroup;
			children = (
				D4BD329A1B6A06560007527A /* coins.h */,
				D4BD32991B6A06560007527A /* coins.c */,
				D4BD329C1B6A06560007527A /* gem.h */,
				D4BD329B1B6A06560007527A /* gem.c */,
				D4BD329E1B6A06560007527A /* jewelry.h */,
				D4BD329D1B6A06560007527A /* jewelry.c */,
				D4BD32A01B6A06560007527A /* magic_item.h */,
				D4BD329F1B6A06560007527A /* magic_item.c */,
				D4BD32A21B6A06560007527A /* treasure.h */,
				D4BD32A11B6A06560007527A /* treasure.c */,
				D4BD32A41B6A06560007527A /* treasure_map.h */,
				D4BD32A31B6A06560007527A /* treasure_map.c */,
				D4BD32A61B6A06560007527A /* treasure_type.h */,
				D4BD32A51B6A06560007527A /* treasure_type.c */,
			);
			path = treasure;
			sourceTree = "<group>";
		};
		D4BD32B51B6AE3AA0007527A /* character */ = {
			isa = PBXGroup;
			children = (
				D4BD32B71B6AE3AA0007527A /* character.h */,
				D4BD32B61B6AE3AA0007527A /* character.c */,
			);
			path = character;
			sourceTree = "<group>";
		};
		D4BD32CA1B6B1EB50007527A /* dungeon */ = {
			isa = PBXGroup;
			children = (
				B0F47DF45A0BCE575009B9D0 /* area.h */,
				B0F47EC5436BEF4BA333A66A /* area.c */,
				B0F4781E370CABD41015CC68 /* area_type.h */,
				D406B6461C66C5760037171B /* box.h */,
				D406B6451C66C5760037171B /* box.c */,
				D4EA14DD1C602CDB00EF508F /* digger.h */,
				D4EA14DC1C602CDB00EF508F /* digger.c */,
				B0F4724991F2E84B4A619A4A /* direction.h */,
				B0F47EED5F7346D1FF553BE5 /* direction.c */,
				B0F4737EABC473ABC0211C7B /* dungeon.h */,
				B0F47DEDA0B2CB7A8EA912A7 /* dungeon.c */,
				D4EA14D91C5EE1A400EF508F /* generator.h */,
				D4EA14D81C5EE1A400EF508F /* generator.c */,
				D4D495BF1C643D2600BC80C9 /* level_map.h */,
				D4D495BE1C643D2600BC80C9 /* level_map.c */,
				D4D495B71C6321A000BC80C9 /* orientation.h */,
				D4D495B61C6321A000BC80C9 /* orientation.c */,
				B0F47C5F87990226BA682C7E /* point.h */,
				B0F47633C943A4FC91EBA528 /* point.c */,
				D406B64A1C66C60F0037171B /* size.h */,
				D406B6491C66C60F0037171B /* size.c */,
				D406B6081C65672D0037171B /* text_rectangle.h */,
				D406B6071C65672D0037171B /* text_rectangle.c */,
				B0F47ECAB001875322D69DA2 /* tile.h */,
				B0F47D983F07A2F764DAF60C /* tile.c */,
				B0F47A2D24BACF0D47681405 /* tile_type.h */,
				D406B64F1C6857A30037171B /* wall_type.h */,
			);
			path = dungeon;
			sourceTree = "<group>";
		};
		D4BD32CF1B6B1EFB0007527A /* dungeon */ = {
			isa = PBXGroup;
			children = (
				D406B64D1C66FFE00037171B /* box_test.c */,
				B0F471A404ECD13E65B8B74D /* dungeon_test.c */,
				D4D495B31C61D2F100BC80C9 /* generator_test.c */,
				B0F478FB65DDF0011D7955DB /* point_test.c */,
			);
			path = dungeon;
			sourceTree = "<group>";
		};
		D4F244A21418207C003BDED5 /* test */ = {
			isa = PBXGroup;
			children = (
				D4F244A31418207C003BDED5 /* check.out */,
			);
			path = test;
			sourceTree = "<group>";
		};
		D4F73444140EF3DF0096618F = {
			isa = PBXGroup;
			children = (
				D4D495B51C62B16E00BC80C9 /* api_conventions.md */,
				D41D32CA1A4339BC00484607 /* LICENSE */,
				D48C3B0C1B66E5B000A98ED7 /* Makefile */,
				D41D32CB1A4339BC00484607 /* README.md */,
				B0F476949E9068D9FFB2A6D8 /* TODO.txt */,
				D4BCC61517D30DD000C76D11 /* docs */,
				D4F73460140EF4380096618F /* src */,
				D4F244A21418207C003BDED5 /* test */,
				D43ED592142146F800D25EEC /* UnitTests */,
				D4F73450140EF3E00096618F /* Products */,
			);
			sourceTree = "<group>";
		};
		D4F73450140EF3E00096618F /* Products */ = {
			isa = PBXGroup;
			children = (
				D4F7344F140EF3E00096618F /* fnf */,
				D43ED590142146F800D25EEC /* UnitTests */,
				D4092F5B1B65D3CA00BFD0B3 /* liblibfnf.a */,
			);
			name = Products;
			sourceTree = "<group>";
		};
		D4F73460140EF4380096618F /* src */ = {
			isa = PBXGroup;
			children = (
				D4BD32B51B6AE3AA0007527A /* character */,
				D4092F7D1B65D6C200BFD0B3 /* common */,
				D4BD32CA1B6B1EB50007527A /* dungeon */,
				D4092F921B65D80800BFD0B3 /* fnf */,
				D4BD32981B6A06560007527A /* treasure */,
			);
			path = src;
			sourceTree = "<group>";
		};
/* End PBXGroup section */

/* Begin PBXHeadersBuildPhase section */
		D4092F591B65D3CA00BFD0B3 /* Headers */ = {
			isa = PBXHeadersBuildPhase;
			buildActionMask = 2147483647;
			files = (
				D4092F911B65D6C200BFD0B3 /* str.h in Headers */,
				D4BD32B21B6A06560007527A /* treasure_map.h in Headers */,
				D4BD32B91B6AE3AA0007527A /* character.h in Headers */,
				D406B60A1C65672D0037171B /* text_rectangle.h in Headers */,
				D4BD32C91B6AECE90007527A /* spell.h in Headers */,
				D4BD32B01B6A06560007527A /* treasure.h in Headers */,
				D406B6481C66C5760037171B /* box.h in Headers */,
				D4BD32AC1B6A06560007527A /* jewelry.h in Headers */,
				D4BD32AE1B6A06560007527A /* magic_item.h in Headers */,
				D4BD32B41B6A06560007527A /* treasure_type.h in Headers */,
				D4D495C11C643D2600BC80C9 /* level_map.h in Headers */,
				D4092F891B65D6C200BFD0B3 /* alloc_or_die.h in Headers */,
				D4BD32C71B6AECE90007527A /* language.h in Headers */,
				D406B64C1C66C60F0037171B /* size.h in Headers */,
				D4BD32AA1B6A06560007527A /* gem.h in Headers */,
				D4092F8D1B65D6C200BFD0B3 /* fail.h in Headers */,
				D4EA14DB1C5EE1A400EF508F /* generator.h in Headers */,
				D4D495B91C6321A000BC80C9 /* orientation.h in Headers */,
				D4BD32A81B6A06560007527A /* coins.h in Headers */,
				D4092F8B1B65D6C200BFD0B3 /* dice.h in Headers */,
				D4092F8F1B65D6C200BFD0B3 /* rnd.h in Headers */,
				D4EA14DF1C602CDB00EF508F /* digger.h in Headers */,
			);
			runOnlyForDeploymentPostprocessing = 0;
		};
/* End PBXHeadersBuildPhase section */

/* Begin PBXLegacyTarget section */
		D48C3B0D1B66E70000A98ED7 /* check */ = {
			isa = PBXLegacyTarget;
			buildArgumentsString = "PRODUCTS=\"$(BUILT_PRODUCTS_DIR)\" TMP=\"$(DERIVED_SOURCES_DIR)\" $(ACTION)";
			buildConfigurationList = D48C3B0E1B66E70000A98ED7 /* Build configuration list for PBXLegacyTarget "check" */;
			buildPhases = (
			);
			buildToolPath = make;
			buildWorkingDirectory = "$(SRCROOT)";
			dependencies = (
				D4F150961B673E3000711F34 /* PBXTargetDependency */,
			);
			name = check;
			passBuildSettingsInEnvironment = 1;
			productName = check;
		};
/* End PBXLegacyTarget section */

/* Begin PBXNativeTarget section */
		D4092F5A1B65D3CA00BFD0B3 /* libfnf */ = {
			isa = PBXNativeTarget;
			buildConfigurationList = D4092F5C1B65D3CA00BFD0B3 /* Build configuration list for PBXNativeTarget "libfnf" */;
			buildPhases = (
				D4092F571B65D3CA00BFD0B3 /* Sources */,
				D4092F581B65D3CA00BFD0B3 /* Frameworks */,
				D4092F591B65D3CA00BFD0B3 /* Headers */,
			);
			buildRules = (
			);
			dependencies = (
			);
			name = libfnf;
			productName = fiends_and_fortune;
			productReference = D4092F5B1B65D3CA00BFD0B3 /* liblibfnf.a */;
			productType = "com.apple.product-type.library.static";
		};
		D43ED58F142146F800D25EEC /* UnitTests */ = {
			isa = PBXNativeTarget;
			buildConfigurationList = D43ED599142146F800D25EEC /* Build configuration list for PBXNativeTarget "UnitTests" */;
			buildPhases = (
				D43ED58C142146F800D25EEC /* Sources */,
				D43ED58D142146F800D25EEC /* Frameworks */,
				D43ED58E142146F800D25EEC /* CopyFiles */,
			);
			buildRules = (
			);
			dependencies = (
				D4092F641B65D43300BFD0B3 /* PBXTargetDependency */,
			);
			name = UnitTests;
			productName = UnitTests;
			productReference = D43ED590142146F800D25EEC /* UnitTests */;
			productType = "com.apple.product-type.tool";
		};
		D4F7344E140EF3DF0096618F /* fnf */ = {
			isa = PBXNativeTarget;
			buildConfigurationList = D4F73459140EF3E00096618F /* Build configuration list for PBXNativeTarget "fnf" */;
			buildPhases = (
				D4F7344B140EF3DF0096618F /* Sources */,
				D4F7344C140EF3DF0096618F /* Frameworks */,
				D4F7344D140EF3DF0096618F /* CopyFiles */,
			);
			buildRules = (
			);
			dependencies = (
				D4D495B01C61CBF000BC80C9 /* PBXTargetDependency */,
				D4092F601B65D42700BFD0B3 /* PBXTargetDependency */,
			);
			name = fnf;
			productName = FiendsAndFortune;
			productReference = D4F7344F140EF3E00096618F /* fnf */;
			productType = "com.apple.product-type.tool";
		};
/* End PBXNativeTarget section */

/* Begin PBXProject section */
		D4F73446140EF3DF0096618F /* Project object */ = {
			isa = PBXProject;
			attributes = {
				LastUpgradeCheck = 0710;
				ORGANIZATIONNAME = "Able Pear Software";
				TargetAttributes = {
					D4092F5A1B65D3CA00BFD0B3 = {
						CreatedOnToolsVersion = 6.4;
					};
					D48C3B0D1B66E70000A98ED7 = {
						CreatedOnToolsVersion = 6.4;
					};
				};
			};
			buildConfigurationList = D4F73449140EF3DF0096618F /* Build configuration list for PBXProject "FiendsAndFortune" */;
			compatibilityVersion = "Xcode 3.2";
			developmentRegion = English;
			hasScannedForEncodings = 0;
			knownRegions = (
				en,
			);
			mainGroup = D4F73444140EF3DF0096618F;
			productRefGroup = D4F73450140EF3E00096618F /* Products */;
			projectDirPath = "";
			projectRoot = "";
			targets = (
				D4F7344E140EF3DF0096618F /* fnf */,
				D43ED58F142146F800D25EEC /* UnitTests */,
				D4092F5A1B65D3CA00BFD0B3 /* libfnf */,
				D48C3B0D1B66E70000A98ED7 /* check */,
			);
		};
/* End PBXProject section */

/* Begin PBXSourcesBuildPhase section */
		D4092F571B65D3CA00BFD0B3 /* Sources */ = {
			isa = PBXSourcesBuildPhase;
			buildActionMask = 2147483647;
			files = (
				D4BD32AD1B6A06560007527A /* magic_item.c in Sources */,
				D4092F8E1B65D6C200BFD0B3 /* rnd.c in Sources */,
				D4BD32B31B6A06560007527A /* treasure_type.c in Sources */,
				D4BD32C81B6AECE90007527A /* spell.c in Sources */,
				D4092F8C1B65D6C200BFD0B3 /* fail.c in Sources */,
				D4BD32A91B6A06560007527A /* gem.c in Sources */,
				D4BD32B81B6AE3AA0007527A /* character.c in Sources */,
				D4092F881B65D6C200BFD0B3 /* alloc_or_die.c in Sources */,
				D4D495C01C643D2600BC80C9 /* level_map.c in Sources */,
				D4BD32A71B6A06560007527A /* coins.c in Sources */,
				D4BD32AF1B6A06560007527A /* treasure.c in Sources */,
				D4BD32AB1B6A06560007527A /* jewelry.c in Sources */,
				D4EA14DA1C5EE1A400EF508F /* generator.c in Sources */,
				D4BD32C61B6AECE90007527A /* language.c in Sources */,
				D4BD32B11B6A06560007527A /* treasure_map.c in Sources */,
				D4092F901B65D6C200BFD0B3 /* str.c in Sources */,
				D406B6471C66C5760037171B /* box.c in Sources */,
				D4D495B81C6321A000BC80C9 /* orientation.c in Sources */,
				D406B64B1C66C60F0037171B /* size.c in Sources */,
				D4092F8A1B65D6C200BFD0B3 /* dice.c in Sources */,
				B0F470B6DFA53A807F7AE464 /* point.c in Sources */,
				B0F47B3923E323B22BE56B90 /* direction.c in Sources */,
				B0F4753B39E946C40792F5FF /* tile.c in Sources */,
				B0F477202981BC0C9DD1C2A6 /* area.c in Sources */,
				B0F474635F2AC067537A8662 /* dungeon.c in Sources */,
				D406B6091C65672D0037171B /* text_rectangle.c in Sources */,
				D4EA14DE1C602CDB00EF508F /* digger.c in Sources */,
			);
			runOnlyForDeploymentPostprocessing = 0;
		};
		D43ED58C142146F800D25EEC /* Sources */ = {
			isa = PBXSourcesBuildPhase;
			buildActionMask = 2147483647;
			files = (
				D43ED594142146F800D25EEC /* main.c in Sources */,
				D45178471B5CB43600F26844 /* dice_test.c in Sources */,
				D45178761B63679200F26844 /* str_test.c in Sources */,
				B0F47DECA9C4F27D4FCF08CC /* point_test.c in Sources */,
				D4D495B41C61D2F100BC80C9 /* generator_test.c in Sources */,
				B0F47B729F1E93B0CF8E29FF /* dungeon_test.c in Sources */,
				D406B64E1C66FFE00037171B /* box_test.c in Sources */,
			);
			runOnlyForDeploymentPostprocessing = 0;
		};
		D4F7344B140EF3DF0096618F /* Sources */ = {
			isa = PBXSourcesBuildPhase;
			buildActionMask = 2147483647;
			files = (
				D4092F941B65D80800BFD0B3 /* main.c in Sources */,
			);
			runOnlyForDeploymentPostprocessing = 0;
		};
/* End PBXSourcesBuildPhase section */

/* Begin PBXTargetDependency section */
		D4092F601B65D42700BFD0B3 /* PBXTargetDependency */ = {
			isa = PBXTargetDependency;
			target = D4092F5A1B65D3CA00BFD0B3 /* libfnf */;
			targetProxy = D4092F5F1B65D42700BFD0B3 /* PBXContainerItemProxy */;
		};
		D4092F641B65D43300BFD0B3 /* PBXTargetDependency */ = {
			isa = PBXTargetDependency;
			target = D4092F5A1B65D3CA00BFD0B3 /* libfnf */;
			targetProxy = D4092F631B65D43300BFD0B3 /* PBXContainerItemProxy */;
		};
		D4D495B01C61CBF000BC80C9 /* PBXTargetDependency */ = {
			isa = PBXTargetDependency;
			target = D43ED58F142146F800D25EEC /* UnitTests */;
			targetProxy = D4D495AF1C61CBF000BC80C9 /* PBXContainerItemProxy */;
		};
		D4F150961B673E3000711F34 /* PBXTargetDependency */ = {
			isa = PBXTargetDependency;
			target = D4F7344E140EF3DF0096618F /* fnf */;
			targetProxy = D4F150951B673E3000711F34 /* PBXContainerItemProxy */;
		};
/* End PBXTargetDependency section */

/* Begin XCBuildConfiguration section */
		D4092F5D1B65D3CA00BFD0B3 /* Debug */ = {
			isa = XCBuildConfiguration;
			buildSettings = {
				CLANG_CXX_LANGUAGE_STANDARD = "gnu++0x";
				CLANG_CXX_LIBRARY = "libc++";
				CLANG_ENABLE_MODULES = NO;
				CLANG_ENABLE_OBJC_ARC = YES;
				CLANG_WARN_DIRECT_OBJC_ISA_USAGE = YES_ERROR;
				CLANG_WARN_OBJC_ROOT_CLASS = YES_ERROR;
				COMBINE_HIDPI_IMAGES = YES;
				DEBUG_INFORMATION_FORMAT = dwarf;
				EXECUTABLE_PREFIX = lib;
				GCC_C_LANGUAGE_STANDARD = c99;
				GCC_PREPROCESSOR_DEFINITIONS = (
					"DEBUG=1",
					"$(inherited)",
				);
				GCC_WARN_ABOUT_RETURN_TYPE = YES_ERROR;
				GCC_WARN_PEDANTIC = NO;
				GCC_WARN_UNINITIALIZED_AUTOS = YES_AGGRESSIVE;
				GCC_WARN_UNUSED_FUNCTION = YES;
				GCC_WARN_UNUSED_VALUE = YES;
				GCC_WARN_UNUSED_VARIABLE = YES;
				HEADER_SEARCH_PATHS = (
					src,
					"$(inherited)",
					/Applications/Xcode.app/Contents/Developer/Toolchains/XcodeDefault.xctoolchain/usr/include,
				);
				MACOSX_DEPLOYMENT_TARGET = 10.7;
				MTL_ENABLE_DEBUG_INFO = YES;
				PRODUCT_NAME = "$(TARGET_NAME)";
				WARNING_CFLAGS = "-Wall";
			};
			name = Debug;
		};
		D4092F5E1B65D3CA00BFD0B3 /* Release */ = {
			isa = XCBuildConfiguration;
			buildSettings = {
				CLANG_CXX_LANGUAGE_STANDARD = "gnu++0x";
				CLANG_CXX_LIBRARY = "libc++";
				CLANG_ENABLE_MODULES = NO;
				CLANG_ENABLE_OBJC_ARC = YES;
				CLANG_WARN_DIRECT_OBJC_ISA_USAGE = YES_ERROR;
				CLANG_WARN_OBJC_ROOT_CLASS = YES_ERROR;
				COMBINE_HIDPI_IMAGES = YES;
				COPY_PHASE_STRIP = NO;
				ENABLE_NS_ASSERTIONS = NO;
				EXECUTABLE_PREFIX = lib;
				GCC_C_LANGUAGE_STANDARD = c99;
				GCC_WARN_ABOUT_RETURN_TYPE = YES_ERROR;
				GCC_WARN_PEDANTIC = NO;
				GCC_WARN_UNINITIALIZED_AUTOS = YES_AGGRESSIVE;
				GCC_WARN_UNUSED_FUNCTION = YES;
				GCC_WARN_UNUSED_VALUE = YES;
				GCC_WARN_UNUSED_VARIABLE = YES;
				HEADER_SEARCH_PATHS = (
					src,
					"$(inherited)",
					/Applications/Xcode.app/Contents/Developer/Toolchains/XcodeDefault.xctoolchain/usr/include,
				);
				MACOSX_DEPLOYMENT_TARGET = 10.7;
				MTL_ENABLE_DEBUG_INFO = NO;
				PRODUCT_NAME = "$(TARGET_NAME)";
				WARNING_CFLAGS = "-Wall";
			};
			name = Release;
		};
		D43ED597142146F800D25EEC /* Debug */ = {
			isa = XCBuildConfiguration;
			buildSettings = {
				HEADER_SEARCH_PATHS = (
					src,
					UnitTests,
				);
				PRODUCT_NAME = "$(TARGET_NAME)";
			};
			name = Debug;
		};
		D43ED598142146F800D25EEC /* Release */ = {
			isa = XCBuildConfiguration;
			buildSettings = {
				HEADER_SEARCH_PATHS = (
					src,
					UnitTests,
				);
				PRODUCT_NAME = "$(TARGET_NAME)";
			};
			name = Release;
		};
		D48C3B0F1B66E70000A98ED7 /* Debug */ = {
			isa = XCBuildConfiguration;
			buildSettings = {
				CLANG_CXX_LANGUAGE_STANDARD = "gnu++0x";
				CLANG_CXX_LIBRARY = "libc++";
				CLANG_ENABLE_MODULES = YES;
				CLANG_ENABLE_OBJC_ARC = YES;
				CLANG_WARN_DIRECT_OBJC_ISA_USAGE = YES_ERROR;
				CLANG_WARN_OBJC_ROOT_CLASS = YES_ERROR;
				DEBUGGING_SYMBOLS = YES;
				DEBUG_INFORMATION_FORMAT = dwarf;
				GCC_C_LANGUAGE_STANDARD = gnu99;
				GCC_GENERATE_DEBUGGING_SYMBOLS = YES;
				GCC_OPTIMIZATION_LEVEL = 0;
				GCC_PREPROCESSOR_DEFINITIONS = (
					"DEBUG=1",
					"$(inherited)",
				);
				GCC_WARN_ABOUT_RETURN_TYPE = YES_ERROR;
				GCC_WARN_UNINITIALIZED_AUTOS = YES_AGGRESSIVE;
				MACOSX_DEPLOYMENT_TARGET = 10.10;
				MTL_ENABLE_DEBUG_INFO = YES;
				OTHER_CFLAGS = "";
				OTHER_LDFLAGS = "";
				PRODUCT_NAME = "$(TARGET_NAME)";
			};
			name = Debug;
		};
		D48C3B101B66E70000A98ED7 /* Release */ = {
			isa = XCBuildConfiguration;
			buildSettings = {
				CLANG_CXX_LANGUAGE_STANDARD = "gnu++0x";
				CLANG_CXX_LIBRARY = "libc++";
				CLANG_ENABLE_MODULES = YES;
				CLANG_ENABLE_OBJC_ARC = YES;
				CLANG_WARN_DIRECT_OBJC_ISA_USAGE = YES_ERROR;
				CLANG_WARN_OBJC_ROOT_CLASS = YES_ERROR;
				COPY_PHASE_STRIP = NO;
				ENABLE_NS_ASSERTIONS = NO;
				GCC_C_LANGUAGE_STANDARD = gnu99;
				GCC_WARN_ABOUT_RETURN_TYPE = YES_ERROR;
				GCC_WARN_UNINITIALIZED_AUTOS = YES_AGGRESSIVE;
				MACOSX_DEPLOYMENT_TARGET = 10.10;
				MTL_ENABLE_DEBUG_INFO = NO;
				OTHER_CFLAGS = "";
				OTHER_LDFLAGS = "";
				PRODUCT_NAME = "$(TARGET_NAME)";
			};
			name = Release;
		};
		D4F73457140EF3E00096618F /* Debug */ = {
			isa = XCBuildConfiguration;
			buildSettings = {
				ALWAYS_SEARCH_USER_PATHS = NO;
				CLANG_WARN_BOOL_CONVERSION = YES;
				CLANG_WARN_CONSTANT_CONVERSION = YES;
				CLANG_WARN_EMPTY_BODY = YES;
				CLANG_WARN_ENUM_CONVERSION = YES;
				CLANG_WARN_INT_CONVERSION = YES;
				CLANG_WARN_UNREACHABLE_CODE = YES;
				CLANG_WARN__DUPLICATE_METHOD_MATCH = YES;
				COPY_PHASE_STRIP = NO;
				ENABLE_STRICT_OBJC_MSGSEND = YES;
				ENABLE_TESTABILITY = YES;
				GCC_C_LANGUAGE_STANDARD = c99;
				GCC_DYNAMIC_NO_PIC = NO;
				GCC_ENABLE_OBJC_EXCEPTIONS = YES;
				GCC_NO_COMMON_BLOCKS = YES;
				GCC_OPTIMIZATION_LEVEL = 0;
				GCC_PREPROCESSOR_DEFINITIONS = (
					"DEBUG=1",
					"$(inherited)",
				);
				GCC_SYMBOLS_PRIVATE_EXTERN = NO;
				GCC_TREAT_WARNINGS_AS_ERRORS = YES;
				GCC_VERSION = com.apple.compilers.llvm.clang.1_0;
				GCC_WARN_64_TO_32_BIT_CONVERSION = YES;
				GCC_WARN_ABOUT_MISSING_PROTOTYPES = YES;
				GCC_WARN_ABOUT_RETURN_TYPE = YES;
				GCC_WARN_PEDANTIC = YES;
				GCC_WARN_UNDECLARED_SELECTOR = YES;
				GCC_WARN_UNINITIALIZED_AUTOS = YES;
				GCC_WARN_UNUSED_FUNCTION = YES;
				GCC_WARN_UNUSED_VARIABLE = YES;
				MACOSX_DEPLOYMENT_TARGET = 10.7;
				ONLY_ACTIVE_ARCH = YES;
				SDKROOT = macosx;
				WARNING_CFLAGS = "-Wall";
			};
			name = Debug;
		};
		D4F73458140EF3E00096618F /* Release */ = {
			isa = XCBuildConfiguration;
			buildSettings = {
				ALWAYS_SEARCH_USER_PATHS = NO;
				CLANG_WARN_BOOL_CONVERSION = YES;
				CLANG_WARN_CONSTANT_CONVERSION = YES;
				CLANG_WARN_EMPTY_BODY = YES;
				CLANG_WARN_ENUM_CONVERSION = YES;
				CLANG_WARN_INT_CONVERSION = YES;
				CLANG_WARN_UNREACHABLE_CODE = YES;
				CLANG_WARN__DUPLICATE_METHOD_MATCH = YES;
				COPY_PHASE_STRIP = YES;
				DEBUG_INFORMATION_FORMAT = "dwarf-with-dsym";
				ENABLE_STRICT_OBJC_MSGSEND = YES;
				GCC_C_LANGUAGE_STANDARD = c99;
				GCC_ENABLE_OBJC_EXCEPTIONS = YES;
				GCC_NO_COMMON_BLOCKS = YES;
				GCC_TREAT_WARNINGS_AS_ERRORS = YES;
				GCC_VERSION = com.apple.compilers.llvm.clang.1_0;
				GCC_WARN_64_TO_32_BIT_CONVERSION = YES;
				GCC_WARN_ABOUT_MISSING_PROTOTYPES = YES;
				GCC_WARN_ABOUT_RETURN_TYPE = YES;
				GCC_WARN_PEDANTIC = YES;
				GCC_WARN_UNDECLARED_SELECTOR = YES;
				GCC_WARN_UNINITIALIZED_AUTOS = YES;
				GCC_WARN_UNUSED_FUNCTION = YES;
				GCC_WARN_UNUSED_VARIABLE = YES;
				MACOSX_DEPLOYMENT_TARGET = 10.7;
				SDKROOT = macosx;
				WARNING_CFLAGS = "-Wall";
			};
			name = Release;
		};
		D4F7345A140EF3E00096618F /* Debug */ = {
			isa = XCBuildConfiguration;
			buildSettings = {
				GCC_PRECOMPILE_PREFIX_HEADER = YES;
				GCC_PREFIX_HEADER = "";
				GCC_TREAT_WARNINGS_AS_ERRORS = YES;
				GCC_WARN_PEDANTIC = NO;
				GCC_WARN_UNUSED_FUNCTION = YES;
				GCC_WARN_UNUSED_VALUE = YES;
				GCC_WARN_UNUSED_VARIABLE = YES;
				HEADER_SEARCH_PATHS = src;
				PRODUCT_NAME = "$(TARGET_NAME)";
				WARNING_CFLAGS = "-Wall";
			};
			name = Debug;
		};
		D4F7345B140EF3E00096618F /* Release */ = {
			isa = XCBuildConfiguration;
			buildSettings = {
				GCC_PRECOMPILE_PREFIX_HEADER = YES;
				GCC_PREFIX_HEADER = "";
				GCC_TREAT_WARNINGS_AS_ERRORS = YES;
				GCC_WARN_PEDANTIC = NO;
				GCC_WARN_UNUSED_FUNCTION = YES;
				GCC_WARN_UNUSED_VALUE = YES;
				GCC_WARN_UNUSED_VARIABLE = YES;
				HEADER_SEARCH_PATHS = src;
				PRODUCT_NAME = "$(TARGET_NAME)";
				WARNING_CFLAGS = "-Wall";
			};
			name = Release;
		};
/* End XCBuildConfiguration section */

/* Begin XCConfigurationList section */
		D4092F5C1B65D3CA00BFD0B3 /* Build configuration list for PBXNativeTarget "libfnf" */ = {
			isa = XCConfigurationList;
			buildConfigurations = (
				D4092F5D1B65D3CA00BFD0B3 /* Debug */,
				D4092F5E1B65D3CA00BFD0B3 /* Release */,
			);
			defaultConfigurationIsVisible = 0;
			defaultConfigurationName = Release;
		};
		D43ED599142146F800D25EEC /* Build configuration list for PBXNativeTarget "UnitTests" */ = {
			isa = XCConfigurationList;
			buildConfigurations = (
				D43ED597142146F800D25EEC /* Debug */,
				D43ED598142146F800D25EEC /* Release */,
			);
			defaultConfigurationIsVisible = 0;
			defaultConfigurationName = Release;
		};
		D48C3B0E1B66E70000A98ED7 /* Build configuration list for PBXLegacyTarget "check" */ = {
			isa = XCConfigurationList;
			buildConfigurations = (
				D48C3B0F1B66E70000A98ED7 /* Debug */,
				D48C3B101B66E70000A98ED7 /* Release */,
			);
			defaultConfigurationIsVisible = 0;
			defaultConfigurationName = Release;
		};
		D4F73449140EF3DF0096618F /* Build configuration list for PBXProject "FiendsAndFortune" */ = {
			isa = XCConfigurationList;
			buildConfigurations = (
				D4F73457140EF3E00096618F /* Debug */,
				D4F73458140EF3E00096618F /* Release */,
			);
			defaultConfigurationIsVisible = 0;
			defaultConfigurationName = Release;
		};
		D4F73459140EF3E00096618F /* Build configuration list for PBXNativeTarget "fnf" */ = {
			isa = XCConfigurationList;
			buildConfigurations = (
				D4F7345A140EF3E00096618F /* Debug */,
				D4F7345B140EF3E00096618F /* Release */,
			);
			defaultConfigurationIsVisible = 0;
			defaultConfigurationName = Release;
		};
/* End XCConfigurationList section */
	};
	rootObject = D4F73446140EF3DF0096618F /* Project object */;
}
