// !$*UTF8*$!
{
	archiveVersion = 1;
	classes = {
	};
	objectVersion = 46;
	objects = {

/* Begin PBXBuildFile section */
		D4092F3E15AE93DE0002FB34 /* Point.c in Sources */ = {isa = PBXBuildFile; fileRef = D4F73465140EF55C00966191 /* Point.c */; };
		D4092F6815AFFEE70002FB34 /* Range.c in Sources */ = {isa = PBXBuildFile; fileRef = D4F73465140EF55C00966198 /* Range.c */; };
		D4092FB615B2A1880002FB34 /* Tile.c in Sources */ = {isa = PBXBuildFile; fileRef = D4092FB515B2A1880002FB34 /* Tile.c */; };
		D4092FB715B2A5AA0002FB34 /* Tile.c in Sources */ = {isa = PBXBuildFile; fileRef = D4092FB515B2A1880002FB34 /* Tile.c */; };
		D4230D1B15B3B298007A7762 /* RangeTest.c in Sources */ = {isa = PBXBuildFile; fileRef = D4230D1A15B3B298007A7762 /* RangeTest.c */; };
		D43ED594142146F800D25EEC /* main.c in Sources */ = {isa = PBXBuildFile; fileRef = D43ED593142146F800D25EEC /* main.c */; };
		D45178401B5B684D00F26844 /* rnd.c in Sources */ = {isa = PBXBuildFile; fileRef = D451783E1B5B684D00F26844 /* rnd.c */; };
		D45178411B5B684D00F26844 /* rnd.c in Sources */ = {isa = PBXBuildFile; fileRef = D451783E1B5B684D00F26844 /* rnd.c */; };
		D45178441B5CAFBE00F26844 /* dice.c in Sources */ = {isa = PBXBuildFile; fileRef = D45178421B5CAFBE00F26844 /* dice.c */; };
		D45178451B5CAFBE00F26844 /* dice.c in Sources */ = {isa = PBXBuildFile; fileRef = D45178421B5CAFBE00F26844 /* dice.c */; };
		D45178471B5CB43600F26844 /* dice_test.c in Sources */ = {isa = PBXBuildFile; fileRef = D45178461B5CB43600F26844 /* dice_test.c */; };
		D451786F1B61FFE200F26844 /* fail.c in Sources */ = {isa = PBXBuildFile; fileRef = D451786D1B61FFE200F26844 /* fail.c */; };
		D45178701B61FFE200F26844 /* fail.c in Sources */ = {isa = PBXBuildFile; fileRef = D451786D1B61FFE200F26844 /* fail.c */; };
		D45178731B63663F00F26844 /* str.c in Sources */ = {isa = PBXBuildFile; fileRef = D45178711B63663F00F26844 /* str.c */; };
		D45178741B63663F00F26844 /* str.c in Sources */ = {isa = PBXBuildFile; fileRef = D45178711B63663F00F26844 /* str.c */; };
		D45178761B63679200F26844 /* str_test.c in Sources */ = {isa = PBXBuildFile; fileRef = D45178751B63679200F26844 /* str_test.c */; };
		D45BB9521B5A12BF0096E525 /* alloc_or_die.c in Sources */ = {isa = PBXBuildFile; fileRef = D45BB9501B5A12BF0096E525 /* alloc_or_die.c */; };
		D45BB9531B5A12BF0096E525 /* alloc_or_die.c in Sources */ = {isa = PBXBuildFile; fileRef = D45BB9501B5A12BF0096E525 /* alloc_or_die.c */; };
		D4783B1C15ABDF8B004E7F2C /* Gem.c in Sources */ = {isa = PBXBuildFile; fileRef = D4783B1015ABDF8B004E7F2C /* Gem.c */; };
		D4783B1D15ABDF8B004E7F2C /* Jewelry.c in Sources */ = {isa = PBXBuildFile; fileRef = D4783B1215ABDF8B004E7F2C /* Jewelry.c */; };
		D4783B1E15ABDF8B004E7F2C /* MagicItem.c in Sources */ = {isa = PBXBuildFile; fileRef = D4783B1415ABDF8B004E7F2C /* MagicItem.c */; };
		D4783B1F15ABDF8B004E7F2C /* Treasure.c in Sources */ = {isa = PBXBuildFile; fileRef = D4783B1615ABDF8B004E7F2C /* Treasure.c */; };
		D4783B2015ABDF8B004E7F2C /* TreasureMap.c in Sources */ = {isa = PBXBuildFile; fileRef = D4783B1815ABDF8B004E7F2C /* TreasureMap.c */; };
		D4783B2115ABDF8B004E7F2C /* TreasureType.c in Sources */ = {isa = PBXBuildFile; fileRef = D4783B1A15ABDF8B004E7F2C /* TreasureType.c */; };
		D4783B2515ABDFE9004E7F2C /* Character.c in Sources */ = {isa = PBXBuildFile; fileRef = D4783B2315ABDFE9004E7F2C /* Character.c */; };
		D4783B2915ABDFF0004E7F2C /* Dungeon.c in Sources */ = {isa = PBXBuildFile; fileRef = D4783B2715ABDFF0004E7F2C /* Dungeon.c */; };
		D4783B2C15ABE045004E7F2C /* coins.c in Sources */ = {isa = PBXBuildFile; fileRef = D4783B2A15ABE045004E7F2C /* coins.c */; };
		D4783B3E15ABE155004E7F2C /* DungeonTest.c in Sources */ = {isa = PBXBuildFile; fileRef = D4783B3B15ABE155004E7F2C /* DungeonTest.c */; };
		D4783B4115ABE18A004E7F2C /* Dungeon.c in Sources */ = {isa = PBXBuildFile; fileRef = D4783B2715ABDFF0004E7F2C /* Dungeon.c */; };
		D4783B4915ABE7E5004E7F2C /* Tiles.c in Sources */ = {isa = PBXBuildFile; fileRef = D4783B4815ABE7E5004E7F2C /* Tiles.c */; };
		D4783B4A15ABE7F7004E7F2C /* Tiles.c in Sources */ = {isa = PBXBuildFile; fileRef = D4783B4815ABE7E5004E7F2C /* Tiles.c */; };
		D4783B4C15ABEB32004E7F2C /* TilesTest.c in Sources */ = {isa = PBXBuildFile; fileRef = D4783B4B15ABEB32004E7F2C /* TilesTest.c */; };
		D4BCC61617D44C2500C76D11 /* PointTest.c in Sources */ = {isa = PBXBuildFile; fileRef = B0F47782965430E75922F468 /* PointTest.c */; };
		D4BCC61817D597C500C76D11 /* PointsTest.c in Sources */ = {isa = PBXBuildFile; fileRef = D4BCC61717D597C500C76D11 /* PointsTest.c */; };
		D4BCC61B17D5984D00C76D11 /* Points.c in Sources */ = {isa = PBXBuildFile; fileRef = D4BCC61A17D5984D00C76D11 /* Points.c */; };
		D4BCC61C17D5984D00C76D11 /* Points.c in Sources */ = {isa = PBXBuildFile; fileRef = D4BCC61A17D5984D00C76D11 /* Points.c */; };
		D4BCC61F17D5A25E00C76D11 /* Direction.c in Sources */ = {isa = PBXBuildFile; fileRef = D4BCC61E17D5A25E00C76D11 /* Direction.c */; };
		D4BCC62017D5A25E00C76D11 /* Direction.c in Sources */ = {isa = PBXBuildFile; fileRef = D4BCC61E17D5A25E00C76D11 /* Direction.c */; };
		D4C3003B1B62EE540002CA44 /* coins.c in Sources */ = {isa = PBXBuildFile; fileRef = D4783B2A15ABE045004E7F2C /* coins.c */; };
		D4EA732B1606B85500B01DB5 /* Area.c in Sources */ = {isa = PBXBuildFile; fileRef = D4EA732A1606B85500B01DB5 /* Area.c */; };
		D4EA732E1606BB9300B01DB5 /* Areas.c in Sources */ = {isa = PBXBuildFile; fileRef = D4EA732D1606BB9300B01DB5 /* Areas.c */; };
		D4EA732F1606BF2400B01DB5 /* Areas.c in Sources */ = {isa = PBXBuildFile; fileRef = D4EA732D1606BB9300B01DB5 /* Areas.c */; };
		D4EA73301606BF3600B01DB5 /* Area.c in Sources */ = {isa = PBXBuildFile; fileRef = D4EA732A1606B85500B01DB5 /* Area.c */; };
		D4F73462140EF4380096618F /* main.c in Sources */ = {isa = PBXBuildFile; fileRef = D4F73461140EF4380096618F /* main.c */; };
		D4F73465140EF55C00966192 /* Point.c in Sources */ = {isa = PBXBuildFile; fileRef = D4F73465140EF55C00966191 /* Point.c */; };
		D4F73465140EF55C00966196 /* TextGraph.c in Sources */ = {isa = PBXBuildFile; fileRef = D4F73465140EF55C00966195 /* TextGraph.c */; };
		D4F73465140EF55C00966199 /* Range.c in Sources */ = {isa = PBXBuildFile; fileRef = D4F73465140EF55C00966198 /* Range.c */; };
/* End PBXBuildFile section */

/* Begin PBXContainerItemProxy section */
		D43ED5A01421483C00D25EEC /* PBXContainerItemProxy */ = {
			isa = PBXContainerItemProxy;
			containerPortal = D4F73446140EF3DF0096618F /* Project object */;
			proxyType = 1;
			remoteGlobalIDString = D43ED58F142146F800D25EEC;
			remoteInfo = UnitTests;
		};
		D4DEBAE31601A58B0031CF85 /* PBXContainerItemProxy */ = {
			isa = PBXContainerItemProxy;
			containerPortal = D4F73446140EF3DF0096618F /* Project object */;
			proxyType = 1;
			remoteGlobalIDString = D4F7344E140EF3DF0096618F;
			remoteInfo = FiendsAndFortune;
		};
/* End PBXContainerItemProxy section */

/* Begin PBXCopyFilesBuildPhase section */
		D43ED58E142146F800D25EEC /* CopyFiles */ = {
			isa = PBXCopyFilesBuildPhase;
			buildActionMask = 2147483647;
			dstPath = /usr/share/man/man1/;
			dstSubfolderSpec = 0;
			files = (
			);
			runOnlyForDeploymentPostprocessing = 1;
		};
		D4F7344D140EF3DF0096618F /* CopyFiles */ = {
			isa = PBXCopyFilesBuildPhase;
			buildActionMask = 2147483647;
			dstPath = /usr/share/man/man1/;
			dstSubfolderSpec = 0;
			files = (
			);
			runOnlyForDeploymentPostprocessing = 1;
		};
/* End PBXCopyFilesBuildPhase section */

/* Begin PBXFileReference section */
		B0F47782965430E75922F468 /* PointTest.c */ = {isa = PBXFileReference; fileEncoding = 4; lastKnownFileType = sourcecode.c.c; path = PointTest.c; sourceTree = "<group>"; };
		D4092FB515B2A1880002FB34 /* Tile.c */ = {isa = PBXFileReference; fileEncoding = 4; lastKnownFileType = sourcecode.c.c; path = Tile.c; sourceTree = "<group>"; };
		D41D32CA1A4339BC00484607 /* LICENSE */ = {isa = PBXFileReference; lastKnownFileType = text; path = LICENSE; sourceTree = "<group>"; };
		D41D32CB1A4339BC00484607 /* README.md */ = {isa = PBXFileReference; lastKnownFileType = net.daringfireball.markdown; path = README.md; sourceTree = "<group>"; };
		D4230D1A15B3B298007A7762 /* RangeTest.c */ = {isa = PBXFileReference; fileEncoding = 4; lastKnownFileType = sourcecode.c.c; path = RangeTest.c; sourceTree = "<group>"; };
		D43ED590142146F800D25EEC /* UnitTests */ = {isa = PBXFileReference; explicitFileType = "compiled.mach-o.executable"; includeInIndex = 0; path = UnitTests; sourceTree = BUILT_PRODUCTS_DIR; };
		D43ED593142146F800D25EEC /* main.c */ = {isa = PBXFileReference; lastKnownFileType = sourcecode.c.c; path = main.c; sourceTree = "<group>"; };
		D451783E1B5B684D00F26844 /* rnd.c */ = {isa = PBXFileReference; fileEncoding = 4; lastKnownFileType = sourcecode.c.c; name = rnd.c; path = ../../rnd/rnd.c; sourceTree = "<group>"; };
		D451783F1B5B684D00F26844 /* rnd.h */ = {isa = PBXFileReference; fileEncoding = 4; lastKnownFileType = sourcecode.c.h; name = rnd.h; path = ../../rnd/rnd.h; sourceTree = "<group>"; };
		D45178421B5CAFBE00F26844 /* dice.c */ = {isa = PBXFileReference; fileEncoding = 4; lastKnownFileType = sourcecode.c.c; path = dice.c; sourceTree = "<group>"; };
		D45178431B5CAFBE00F26844 /* dice.h */ = {isa = PBXFileReference; fileEncoding = 4; lastKnownFileType = sourcecode.c.h; path = dice.h; sourceTree = "<group>"; };
		D45178461B5CB43600F26844 /* dice_test.c */ = {isa = PBXFileReference; fileEncoding = 4; lastKnownFileType = sourcecode.c.c; path = dice_test.c; sourceTree = "<group>"; };
		D451786D1B61FFE200F26844 /* fail.c */ = {isa = PBXFileReference; fileEncoding = 4; lastKnownFileType = sourcecode.c.c; path = fail.c; sourceTree = "<group>"; };
		D451786E1B61FFE200F26844 /* fail.h */ = {isa = PBXFileReference; fileEncoding = 4; lastKnownFileType = sourcecode.c.h; path = fail.h; sourceTree = "<group>"; };
		D45178711B63663F00F26844 /* str.c */ = {isa = PBXFileReference; fileEncoding = 4; lastKnownFileType = sourcecode.c.c; path = str.c; sourceTree = "<group>"; };
		D45178721B63663F00F26844 /* str.h */ = {isa = PBXFileReference; fileEncoding = 4; lastKnownFileType = sourcecode.c.h; path = str.h; sourceTree = "<group>"; };
		D45178751B63679200F26844 /* str_test.c */ = {isa = PBXFileReference; fileEncoding = 4; lastKnownFileType = sourcecode.c.c; path = str_test.c; sourceTree = "<group>"; };
		D45BB9501B5A12BF0096E525 /* alloc_or_die.c */ = {isa = PBXFileReference; fileEncoding = 4; lastKnownFileType = sourcecode.c.c; path = alloc_or_die.c; sourceTree = "<group>"; };
		D45BB9511B5A12BF0096E525 /* alloc_or_die.h */ = {isa = PBXFileReference; fileEncoding = 4; lastKnownFileType = sourcecode.c.h; path = alloc_or_die.h; sourceTree = "<group>"; };
		D4783B1015ABDF8B004E7F2C /* Gem.c */ = {isa = PBXFileReference; fileEncoding = 4; lastKnownFileType = sourcecode.c.c; lineEnding = 0; path = Gem.c; sourceTree = "<group>"; xcLanguageSpecificationIdentifier = xcode.lang.c; };
		D4783B1115ABDF8B004E7F2C /* Gem.h */ = {isa = PBXFileReference; fileEncoding = 4; lastKnownFileType = sourcecode.c.h; path = Gem.h; sourceTree = "<group>"; };
		D4783B1215ABDF8B004E7F2C /* Jewelry.c */ = {isa = PBXFileReference; fileEncoding = 4; lastKnownFileType = sourcecode.c.c; lineEnding = 0; path = Jewelry.c; sourceTree = "<group>"; xcLanguageSpecificationIdentifier = xcode.lang.c; };
		D4783B1315ABDF8B004E7F2C /* Jewelry.h */ = {isa = PBXFileReference; fileEncoding = 4; lastKnownFileType = sourcecode.c.h; path = Jewelry.h; sourceTree = "<group>"; };
		D4783B1415ABDF8B004E7F2C /* MagicItem.c */ = {isa = PBXFileReference; fileEncoding = 4; lastKnownFileType = sourcecode.c.c; lineEnding = 0; path = MagicItem.c; sourceTree = "<group>"; xcLanguageSpecificationIdentifier = xcode.lang.c; };
		D4783B1515ABDF8B004E7F2C /* MagicItem.h */ = {isa = PBXFileReference; fileEncoding = 4; lastKnownFileType = sourcecode.c.h; path = MagicItem.h; sourceTree = "<group>"; };
		D4783B1615ABDF8B004E7F2C /* Treasure.c */ = {isa = PBXFileReference; fileEncoding = 4; indentWidth = 4; lastKnownFileType = sourcecode.c.c; path = Treasure.c; sourceTree = "<group>"; tabWidth = 4; };
		D4783B1715ABDF8B004E7F2C /* Treasure.h */ = {isa = PBXFileReference; fileEncoding = 4; lastKnownFileType = sourcecode.c.h; path = Treasure.h; sourceTree = "<group>"; };
		D4783B1815ABDF8B004E7F2C /* TreasureMap.c */ = {isa = PBXFileReference; fileEncoding = 4; lastKnownFileType = sourcecode.c.c; lineEnding = 0; path = TreasureMap.c; sourceTree = "<group>"; xcLanguageSpecificationIdentifier = xcode.lang.c; };
		D4783B1915ABDF8B004E7F2C /* TreasureMap.h */ = {isa = PBXFileReference; fileEncoding = 4; lastKnownFileType = sourcecode.c.h; path = TreasureMap.h; sourceTree = "<group>"; };
		D4783B1A15ABDF8B004E7F2C /* TreasureType.c */ = {isa = PBXFileReference; fileEncoding = 4; lastKnownFileType = sourcecode.c.c; lineEnding = 0; path = TreasureType.c; sourceTree = "<group>"; xcLanguageSpecificationIdentifier = xcode.lang.c; };
		D4783B1B15ABDF8B004E7F2C /* TreasureType.h */ = {isa = PBXFileReference; fileEncoding = 4; lastKnownFileType = sourcecode.c.h; path = TreasureType.h; sourceTree = "<group>"; };
		D4783B2315ABDFE9004E7F2C /* Character.c */ = {isa = PBXFileReference; fileEncoding = 4; lastKnownFileType = sourcecode.c.c; lineEnding = 0; path = Character.c; sourceTree = "<group>"; xcLanguageSpecificationIdentifier = xcode.lang.c; };
		D4783B2415ABDFE9004E7F2C /* Character.h */ = {isa = PBXFileReference; fileEncoding = 4; lastKnownFileType = sourcecode.c.h; path = Character.h; sourceTree = "<group>"; };
		D4783B2715ABDFF0004E7F2C /* Dungeon.c */ = {isa = PBXFileReference; fileEncoding = 4; indentWidth = 4; lastKnownFileType = sourcecode.c.c; path = Dungeon.c; sourceTree = "<group>"; tabWidth = 4; };
		D4783B2815ABDFF0004E7F2C /* Dungeon.h */ = {isa = PBXFileReference; fileEncoding = 4; lastKnownFileType = sourcecode.c.h; path = Dungeon.h; sourceTree = "<group>"; };
		D4783B2A15ABE045004E7F2C /* coins.c */ = {isa = PBXFileReference; fileEncoding = 4; indentWidth = 4; lastKnownFileType = sourcecode.c.c; path = coins.c; sourceTree = "<group>"; tabWidth = 4; };
		D4783B2B15ABE045004E7F2C /* coins.h */ = {isa = PBXFileReference; fileEncoding = 4; indentWidth = 4; lastKnownFileType = sourcecode.c.h; path = coins.h; sourceTree = "<group>"; tabWidth = 4; };
		D4783B3B15ABE155004E7F2C /* DungeonTest.c */ = {isa = PBXFileReference; fileEncoding = 4; lastKnownFileType = sourcecode.c.c; path = DungeonTest.c; sourceTree = "<group>"; };
		D4783B4415ABE484004E7F2C /* TileType.h */ = {isa = PBXFileReference; lastKnownFileType = sourcecode.c.h; path = TileType.h; sourceTree = "<group>"; };
		D4783B4615ABE561004E7F2C /* Tile.h */ = {isa = PBXFileReference; lastKnownFileType = sourcecode.c.h; path = Tile.h; sourceTree = "<group>"; };
		D4783B4715ABE698004E7F2C /* Tiles.h */ = {isa = PBXFileReference; lastKnownFileType = sourcecode.c.h; path = Tiles.h; sourceTree = "<group>"; };
		D4783B4815ABE7E5004E7F2C /* Tiles.c */ = {isa = PBXFileReference; fileEncoding = 4; lastKnownFileType = sourcecode.c.c; path = Tiles.c; sourceTree = "<group>"; };
		D4783B4B15ABEB32004E7F2C /* TilesTest.c */ = {isa = PBXFileReference; fileEncoding = 4; lastKnownFileType = sourcecode.c.c; path = TilesTest.c; sourceTree = "<group>"; };
		D4BCC61517D30DD000C76D11 /* docs */ = {isa = PBXFileReference; lastKnownFileType = folder; path = docs; sourceTree = "<group>"; };
		D4BCC61717D597C500C76D11 /* PointsTest.c */ = {isa = PBXFileReference; fileEncoding = 4; lastKnownFileType = sourcecode.c.c; path = PointsTest.c; sourceTree = "<group>"; };
		D4BCC61917D5984300C76D11 /* Points.h */ = {isa = PBXFileReference; lastKnownFileType = sourcecode.c.h; path = Points.h; sourceTree = "<group>"; };
		D4BCC61A17D5984D00C76D11 /* Points.c */ = {isa = PBXFileReference; fileEncoding = 4; lastKnownFileType = sourcecode.c.c; path = Points.c; sourceTree = "<group>"; };
		D4BCC61D17D5A23000C76D11 /* Direction.h */ = {isa = PBXFileReference; lastKnownFileType = sourcecode.c.h; path = Direction.h; sourceTree = "<group>"; };
		D4BCC61E17D5A25E00C76D11 /* Direction.c */ = {isa = PBXFileReference; fileEncoding = 4; lastKnownFileType = sourcecode.c.c; path = Direction.c; sourceTree = "<group>"; };
		D4DEBAE71601A8870031CF85 /* Area.h */ = {isa = PBXFileReference; fileEncoding = 4; lastKnownFileType = sourcecode.c.h; path = Area.h; sourceTree = "<group>"; };
		D4DEBAE81601A8FA0031CF85 /* AreaType.h */ = {isa = PBXFileReference; fileEncoding = 4; lastKnownFileType = sourcecode.c.h; path = AreaType.h; sourceTree = "<group>"; };
		D4DEBAE91601AD740031CF85 /* Areas.h */ = {isa = PBXFileReference; fileEncoding = 4; lastKnownFileType = sourcecode.c.h; path = Areas.h; sourceTree = "<group>"; };
		D4EA732A1606B85500B01DB5 /* Area.c */ = {isa = PBXFileReference; fileEncoding = 4; lastKnownFileType = sourcecode.c.c; path = Area.c; sourceTree = "<group>"; };
		D4EA732D1606BB9300B01DB5 /* Areas.c */ = {isa = PBXFileReference; fileEncoding = 4; lastKnownFileType = sourcecode.c.c; path = Areas.c; sourceTree = "<group>"; };
		D4F244A114181FF5003BDED5 /* check */ = {isa = PBXFileReference; fileEncoding = 4; lastKnownFileType = text; path = check; sourceTree = "<group>"; };
		D4F244A31418207C003BDED5 /* check.out */ = {isa = PBXFileReference; fileEncoding = 4; lastKnownFileType = text; path = check.out; sourceTree = "<group>"; };
		D4F7344F140EF3E00096618F /* FiendsAndFortune */ = {isa = PBXFileReference; explicitFileType = "compiled.mach-o.executable"; includeInIndex = 0; path = FiendsAndFortune; sourceTree = BUILT_PRODUCTS_DIR; };
		D4F73461140EF4380096618F /* main.c */ = {isa = PBXFileReference; fileEncoding = 4; indentWidth = 4; lastKnownFileType = sourcecode.c.c; path = main.c; sourceTree = "<group>"; tabWidth = 4; };
		D4F73465140EF55C00966190 /* Point.h */ = {isa = PBXFileReference; fileEncoding = 4; lastKnownFileType = sourcecode.c.h; path = Point.h; sourceTree = "<group>"; };
		D4F73465140EF55C00966191 /* Point.c */ = {isa = PBXFileReference; fileEncoding = 4; lastKnownFileType = sourcecode.c.c; path = Point.c; sourceTree = "<group>"; };
		D4F73465140EF55C00966194 /* TextGraph.h */ = {isa = PBXFileReference; fileEncoding = 4; lastKnownFileType = sourcecode.c.h; path = TextGraph.h; sourceTree = "<group>"; };
		D4F73465140EF55C00966195 /* TextGraph.c */ = {isa = PBXFileReference; fileEncoding = 4; lastKnownFileType = sourcecode.c.c; path = TextGraph.c; sourceTree = "<group>"; };
		D4F73465140EF55C00966197 /* Range.h */ = {isa = PBXFileReference; fileEncoding = 4; lastKnownFileType = sourcecode.c.h; path = Range.h; sourceTree = "<group>"; };
		D4F73465140EF55C00966198 /* Range.c */ = {isa = PBXFileReference; fileEncoding = 4; lastKnownFileType = sourcecode.c.c; path = Range.c; sourceTree = "<group>"; };
/* End PBXFileReference section */

/* Begin PBXFrameworksBuildPhase section */
		D43ED58D142146F800D25EEC /* Frameworks */ = {
			isa = PBXFrameworksBuildPhase;
			buildActionMask = 2147483647;
			files = (
			);
			runOnlyForDeploymentPostprocessing = 0;
		};
		D4F7344C140EF3DF0096618F /* Frameworks */ = {
			isa = PBXFrameworksBuildPhase;
			buildActionMask = 2147483647;
			files = (
			);
			runOnlyForDeploymentPostprocessing = 0;
		};
/* End PBXFrameworksBuildPhase section */

/* Begin PBXGroup section */
		D43ED592142146F800D25EEC /* UnitTests */ = {
			isa = PBXGroup;
			children = (
				D4783B3A15ABE155004E7F2C /* Dungeons */,
				D45178461B5CB43600F26844 /* dice_test.c */,
				D43ED593142146F800D25EEC /* main.c */,
				D45178751B63679200F26844 /* str_test.c */,
			);
			path = UnitTests;
			sourceTree = "<group>";
		};
		D4783B0F15ABDF8B004E7F2C /* Treasure */ = {
			isa = PBXGroup;
			children = (
				D4783B2B15ABE045004E7F2C /* coins.h */,
				D4783B2A15ABE045004E7F2C /* coins.c */,
				D4783B1115ABDF8B004E7F2C /* Gem.h */,
				D4783B1015ABDF8B004E7F2C /* Gem.c */,
				D4783B1315ABDF8B004E7F2C /* Jewelry.h */,
				D4783B1215ABDF8B004E7F2C /* Jewelry.c */,
				D4783B1515ABDF8B004E7F2C /* MagicItem.h */,
				D4783B1415ABDF8B004E7F2C /* MagicItem.c */,
				D4783B1715ABDF8B004E7F2C /* Treasure.h */,
				D4783B1615ABDF8B004E7F2C /* Treasure.c */,
				D4783B1915ABDF8B004E7F2C /* TreasureMap.h */,
				D4783B1815ABDF8B004E7F2C /* TreasureMap.c */,
				D4783B1B15ABDF8B004E7F2C /* TreasureType.h */,
				D4783B1A15ABDF8B004E7F2C /* TreasureType.c */,
			);
			path = Treasure;
			sourceTree = "<group>";
		};
		D4783B2215ABDFE9004E7F2C /* Characters */ = {
			isa = PBXGroup;
			children = (
				D4783B2415ABDFE9004E7F2C /* Character.h */,
				D4783B2315ABDFE9004E7F2C /* Character.c */,
			);
			path = Characters;
			sourceTree = "<group>";
		};
		D4783B2615ABDFF0004E7F2C /* Dungeons */ = {
			isa = PBXGroup;
			children = (
				D4DEBAE71601A8870031CF85 /* Area.h */,
				D4EA732A1606B85500B01DB5 /* Area.c */,
				D4DEBAE81601A8FA0031CF85 /* AreaType.h */,
				D4DEBAE91601AD740031CF85 /* Areas.h */,
				D4EA732D1606BB9300B01DB5 /* Areas.c */,
				D4BCC61D17D5A23000C76D11 /* Direction.h */,
				D4BCC61E17D5A25E00C76D11 /* Direction.c */,
				D4783B2815ABDFF0004E7F2C /* Dungeon.h */,
				D4783B2715ABDFF0004E7F2C /* Dungeon.c */,
				D4F73465140EF55C00966190 /* Point.h */,
				D4F73465140EF55C00966191 /* Point.c */,
				D4BCC61917D5984300C76D11 /* Points.h */,
				D4BCC61A17D5984D00C76D11 /* Points.c */,
				D4F73465140EF55C00966197 /* Range.h */,
				D4F73465140EF55C00966198 /* Range.c */,
				D4F73465140EF55C00966194 /* TextGraph.h */,
				D4F73465140EF55C00966195 /* TextGraph.c */,
				D4783B4615ABE561004E7F2C /* Tile.h */,
				D4092FB515B2A1880002FB34 /* Tile.c */,
				D4783B4715ABE698004E7F2C /* Tiles.h */,
				D4783B4815ABE7E5004E7F2C /* Tiles.c */,
				D4783B4415ABE484004E7F2C /* TileType.h */,
			);
			path = Dungeons;
			sourceTree = "<group>";
		};
		D4783B3A15ABE155004E7F2C /* Dungeons */ = {
			isa = PBXGroup;
			children = (
				D4783B3B15ABE155004E7F2C /* DungeonTest.c */,
				B0F47782965430E75922F468 /* PointTest.c */,
				D4BCC61717D597C500C76D11 /* PointsTest.c */,
				D4230D1A15B3B298007A7762 /* RangeTest.c */,
				D4783B4B15ABEB32004E7F2C /* TilesTest.c */,
			);
			path = Dungeons;
			sourceTree = "<group>";
		};
		D4F244A21418207C003BDED5 /* test */ = {
			isa = PBXGroup;
			children = (
				D4F244A31418207C003BDED5 /* check.out */,
			);
			path = test;
			sourceTree = "<group>";
		};
		D4F73444140EF3DF0096618F = {
			isa = PBXGroup;
			children = (
				D4F244A114181FF5003BDED5 /* check */,
				D41D32CA1A4339BC00484607 /* LICENSE */,
				D41D32CB1A4339BC00484607 /* README.md */,
				D4BCC61517D30DD000C76D11 /* docs */,
				D4F73460140EF4380096618F /* src */,
				D4F244A21418207C003BDED5 /* test */,
				D43ED592142146F800D25EEC /* UnitTests */,
				D4F73450140EF3E00096618F /* Products */,
			);
			sourceTree = "<group>";
		};
		D4F73450140EF3E00096618F /* Products */ = {
			isa = PBXGroup;
			children = (
				D4F7344F140EF3E00096618F /* FiendsAndFortune */,
				D43ED590142146F800D25EEC /* UnitTests */,
			);
			name = Products;
			sourceTree = "<group>";
		};
		D4F73460140EF4380096618F /* src */ = {
			isa = PBXGroup;
			children = (
				D4783B2215ABDFE9004E7F2C /* Characters */,
				D4783B2615ABDFF0004E7F2C /* Dungeons */,
				D4783B0F15ABDF8B004E7F2C /* Treasure */,
				D45BB9511B5A12BF0096E525 /* alloc_or_die.h */,
				D45BB9501B5A12BF0096E525 /* alloc_or_die.c */,
				D45178431B5CAFBE00F26844 /* dice.h */,
				D45178421B5CAFBE00F26844 /* dice.c */,
				D451786E1B61FFE200F26844 /* fail.h */,
				D451786D1B61FFE200F26844 /* fail.c */,
				D4F73461140EF4380096618F /* main.c */,
				D451783F1B5B684D00F26844 /* rnd.h */,
				D451783E1B5B684D00F26844 /* rnd.c */,
				D45178721B63663F00F26844 /* str.h */,
				D45178711B63663F00F26844 /* str.c */,
			);
			path = src;
			sourceTree = "<group>";
		};
/* End PBXGroup section */

/* Begin PBXLegacyTarget section */
		D4DEBADD1601A31B0031CF85 /* Check */ = {
			isa = PBXLegacyTarget;
			buildArgumentsString = "${PROJECT_DIR}/check";
			buildConfigurationList = D4DEBADE1601A31B0031CF85 /* Build configuration list for PBXLegacyTarget "Check" */;
			buildPhases = (
			);
			buildToolPath = /bin/sh;
			buildWorkingDirectory = "";
			dependencies = (
				D4DEBAE41601A58B0031CF85 /* PBXTargetDependency */,
			);
			name = Check;
			passBuildSettingsInEnvironment = 1;
			productName = Check;
		};
/* End PBXLegacyTarget section */

/* Begin PBXNativeTarget section */
		D43ED58F142146F800D25EEC /* UnitTests */ = {
			isa = PBXNativeTarget;
			buildConfigurationList = D43ED599142146F800D25EEC /* Build configuration list for PBXNativeTarget "UnitTests" */;
			buildPhases = (
				D43ED58C142146F800D25EEC /* Sources */,
				D43ED58D142146F800D25EEC /* Frameworks */,
				D43ED58E142146F800D25EEC /* CopyFiles */,
			);
			buildRules = (
			);
			dependencies = (
			);
			name = UnitTests;
			productName = UnitTests;
			productReference = D43ED590142146F800D25EEC /* UnitTests */;
			productType = "com.apple.product-type.tool";
		};
		D4F7344E140EF3DF0096618F /* FiendsAndFortune */ = {
			isa = PBXNativeTarget;
			buildConfigurationList = D4F73459140EF3E00096618F /* Build configuration list for PBXNativeTarget "FiendsAndFortune" */;
			buildPhases = (
				D4F7344B140EF3DF0096618F /* Sources */,
				D4F7344C140EF3DF0096618F /* Frameworks */,
				D4F7344D140EF3DF0096618F /* CopyFiles */,
				D43ED59D1421477400D25EEC /* ShellScript */,
			);
			buildRules = (
			);
			dependencies = (
				D43ED5A11421483C00D25EEC /* PBXTargetDependency */,
			);
			name = FiendsAndFortune;
			productName = FiendsAndFortune;
			productReference = D4F7344F140EF3E00096618F /* FiendsAndFortune */;
			productType = "com.apple.product-type.tool";
		};
/* End PBXNativeTarget section */

/* Begin PBXProject section */
		D4F73446140EF3DF0096618F /* Project object */ = {
			isa = PBXProject;
			attributes = {
				LastUpgradeCheck = 0640;
				ORGANIZATIONNAME = "Able Pear Software";
			};
			buildConfigurationList = D4F73449140EF3DF0096618F /* Build configuration list for PBXProject "FiendsAndFortune" */;
			compatibilityVersion = "Xcode 3.2";
			developmentRegion = English;
			hasScannedForEncodings = 0;
			knownRegions = (
				en,
			);
			mainGroup = D4F73444140EF3DF0096618F;
			productRefGroup = D4F73450140EF3E00096618F /* Products */;
			projectDirPath = "";
			projectRoot = "";
			targets = (
				D4F7344E140EF3DF0096618F /* FiendsAndFortune */,
				D43ED58F142146F800D25EEC /* UnitTests */,
				D4DEBADD1601A31B0031CF85 /* Check */,
			);
		};
/* End PBXProject section */

/* Begin PBXShellScriptBuildPhase section */
		D43ED59D1421477400D25EEC /* ShellScript */ = {
			isa = PBXShellScriptBuildPhase;
			buildActionMask = 2147483647;
			files = (
			);
			inputPaths = (
			);
			outputPaths = (
			);
			runOnlyForDeploymentPostprocessing = 0;
			shellPath = /bin/sh;
			shellScript = $BUILT_PRODUCTS_DIR/UnitTests;
		};
/* End PBXShellScriptBuildPhase section */

/* Begin PBXSourcesBuildPhase section */
		D43ED58C142146F800D25EEC /* Sources */ = {
			isa = PBXSourcesBuildPhase;
			buildActionMask = 2147483647;
			files = (
				D43ED594142146F800D25EEC /* main.c in Sources */,
				D4783B3E15ABE155004E7F2C /* DungeonTest.c in Sources */,
				D4783B4115ABE18A004E7F2C /* Dungeon.c in Sources */,
				D4783B4915ABE7E5004E7F2C /* Tiles.c in Sources */,
				D4783B4C15ABEB32004E7F2C /* TilesTest.c in Sources */,
				D4092F3E15AE93DE0002FB34 /* Point.c in Sources */,
				D4092F6815AFFEE70002FB34 /* Range.c in Sources */,
				D45178411B5B684D00F26844 /* rnd.c in Sources */,
				D4092FB715B2A5AA0002FB34 /* Tile.c in Sources */,
				D4230D1B15B3B298007A7762 /* RangeTest.c in Sources */,
				D4EA732F1606BF2400B01DB5 /* Areas.c in Sources */,
				D45178741B63663F00F26844 /* str.c in Sources */,
				D45178451B5CAFBE00F26844 /* dice.c in Sources */,
				D4EA73301606BF3600B01DB5 /* Area.c in Sources */,
				D45BB9531B5A12BF0096E525 /* alloc_or_die.c in Sources */,
				D4BCC61617D44C2500C76D11 /* PointTest.c in Sources */,
				D4C3003B1B62EE540002CA44 /* coins.c in Sources */,
				D45178701B61FFE200F26844 /* fail.c in Sources */,
				D4BCC61817D597C500C76D11 /* PointsTest.c in Sources */,
				D45178471B5CB43600F26844 /* dice_test.c in Sources */,
				D45178761B63679200F26844 /* str_test.c in Sources */,
				D4BCC61C17D5984D00C76D11 /* Points.c in Sources */,
				D4BCC62017D5A25E00C76D11 /* Direction.c in Sources */,
			);
			runOnlyForDeploymentPostprocessing = 0;
		};
		D4F7344B140EF3DF0096618F /* Sources */ = {
			isa = PBXSourcesBuildPhase;
			buildActionMask = 2147483647;
			files = (
				D45178401B5B684D00F26844 /* rnd.c in Sources */,
				D4F73462140EF4380096618F /* main.c in Sources */,
				D4783B1C15ABDF8B004E7F2C /* Gem.c in Sources */,
				D4783B1D15ABDF8B004E7F2C /* Jewelry.c in Sources */,
				D45178441B5CAFBE00F26844 /* dice.c in Sources */,
				D4783B1E15ABDF8B004E7F2C /* MagicItem.c in Sources */,
				D4783B1F15ABDF8B004E7F2C /* Treasure.c in Sources */,
				D4783B2015ABDF8B004E7F2C /* TreasureMap.c in Sources */,
				D451786F1B61FFE200F26844 /* fail.c in Sources */,
				D4783B2115ABDF8B004E7F2C /* TreasureType.c in Sources */,
				D45BB9521B5A12BF0096E525 /* alloc_or_die.c in Sources */,
				D4783B2515ABDFE9004E7F2C /* Character.c in Sources */,
				D4783B2915ABDFF0004E7F2C /* Dungeon.c in Sources */,
				D4783B2C15ABE045004E7F2C /* coins.c in Sources */,
				D4783B4A15ABE7F7004E7F2C /* Tiles.c in Sources */,
				D45178731B63663F00F26844 /* str.c in Sources */,
				D4F73465140EF55C00966192 /* Point.c in Sources */,
				D4F73465140EF55C00966196 /* TextGraph.c in Sources */,
				D4F73465140EF55C00966199 /* Range.c in Sources */,
				D4092FB615B2A1880002FB34 /* Tile.c in Sources */,
				D4EA732B1606B85500B01DB5 /* Area.c in Sources */,
				D4EA732E1606BB9300B01DB5 /* Areas.c in Sources */,
				D4BCC61B17D5984D00C76D11 /* Points.c in Sources */,
				D4BCC61F17D5A25E00C76D11 /* Direction.c in Sources */,
			);
			runOnlyForDeploymentPostprocessing = 0;
		};
/* End PBXSourcesBuildPhase section */

/* Begin PBXTargetDependency section */
		D43ED5A11421483C00D25EEC /* PBXTargetDependency */ = {
			isa = PBXTargetDependency;
			target = D43ED58F142146F800D25EEC /* UnitTests */;
			targetProxy = D43ED5A01421483C00D25EEC /* PBXContainerItemProxy */;
		};
		D4DEBAE41601A58B0031CF85 /* PBXTargetDependency */ = {
			isa = PBXTargetDependency;
			target = D4F7344E140EF3DF0096618F /* FiendsAndFortune */;
			targetProxy = D4DEBAE31601A58B0031CF85 /* PBXContainerItemProxy */;
		};
/* End PBXTargetDependency section */

/* Begin XCBuildConfiguration section */
		D43ED597142146F800D25EEC /* Debug */ = {
			isa = XCBuildConfiguration;
			buildSettings = {
				HEADER_SEARCH_PATHS = (
					src,
					UnitTests,
				);
				PRODUCT_NAME = "$(TARGET_NAME)";
			};
			name = Debug;
		};
		D43ED598142146F800D25EEC /* Release */ = {
			isa = XCBuildConfiguration;
			buildSettings = {
				HEADER_SEARCH_PATHS = (
					src,
					UnitTests,
				);
				PRODUCT_NAME = "$(TARGET_NAME)";
			};
			name = Release;
		};
		D4DEBADF1601A31B0031CF85 /* Debug */ = {
			isa = XCBuildConfiguration;
			buildSettings = {
				CLANG_CXX_LANGUAGE_STANDARD = "gnu++0x";
				CLANG_WARN__DUPLICATE_METHOD_MATCH = YES;
				COMBINE_HIDPI_IMAGES = YES;
				DEBUGGING_SYMBOLS = YES;
				GCC_GENERATE_DEBUGGING_SYMBOLS = YES;
				GCC_OPTIMIZATION_LEVEL = 0;
				GCC_WARN_UNINITIALIZED_AUTOS = YES;
				MACOSX_DEPLOYMENT_TARGET = 10.8;
				OTHER_CFLAGS = "";
				OTHER_LDFLAGS = "";
				PRODUCT_NAME = "$(TARGET_NAME)";
			};
			name = Debug;
		};
		D4DEBAE01601A31B0031CF85 /* Release */ = {
			isa = XCBuildConfiguration;
			buildSettings = {
				CLANG_CXX_LANGUAGE_STANDARD = "gnu++0x";
				CLANG_WARN__DUPLICATE_METHOD_MATCH = YES;
				COMBINE_HIDPI_IMAGES = YES;
				GCC_WARN_UNINITIALIZED_AUTOS = YES;
				MACOSX_DEPLOYMENT_TARGET = 10.8;
				OTHER_CFLAGS = "";
				OTHER_LDFLAGS = "";
				PRODUCT_NAME = "$(TARGET_NAME)";
			};
			name = Release;
		};
		D4F73457140EF3E00096618F /* Debug */ = {
			isa = XCBuildConfiguration;
			buildSettings = {
				ALWAYS_SEARCH_USER_PATHS = NO;
				CLANG_WARN_BOOL_CONVERSION = YES;
				CLANG_WARN_CONSTANT_CONVERSION = YES;
				CLANG_WARN_EMPTY_BODY = YES;
				CLANG_WARN_ENUM_CONVERSION = YES;
				CLANG_WARN_INT_CONVERSION = YES;
				CLANG_WARN_UNREACHABLE_CODE = YES;
				CLANG_WARN__DUPLICATE_METHOD_MATCH = YES;
				COPY_PHASE_STRIP = NO;
				ENABLE_STRICT_OBJC_MSGSEND = YES;
				GCC_C_LANGUAGE_STANDARD = c99;
				GCC_DYNAMIC_NO_PIC = NO;
				GCC_ENABLE_OBJC_EXCEPTIONS = YES;
				GCC_NO_COMMON_BLOCKS = YES;
				GCC_OPTIMIZATION_LEVEL = 0;
				GCC_PREPROCESSOR_DEFINITIONS = (
					"DEBUG=1",
					"$(inherited)",
				);
				GCC_SYMBOLS_PRIVATE_EXTERN = NO;
				GCC_TREAT_WARNINGS_AS_ERRORS = YES;
				GCC_VERSION = com.apple.compilers.llvm.clang.1_0;
				GCC_WARN_64_TO_32_BIT_CONVERSION = YES;
				GCC_WARN_ABOUT_MISSING_PROTOTYPES = YES;
				GCC_WARN_ABOUT_RETURN_TYPE = YES;
				GCC_WARN_PEDANTIC = NO;
				GCC_WARN_UNDECLARED_SELECTOR = YES;
				GCC_WARN_UNINITIALIZED_AUTOS = YES;
				GCC_WARN_UNUSED_FUNCTION = YES;
				GCC_WARN_UNUSED_VARIABLE = YES;
				MACOSX_DEPLOYMENT_TARGET = 10.7;
				ONLY_ACTIVE_ARCH = YES;
				SDKROOT = macosx;
			};
			name = Debug;
		};
		D4F73458140EF3E00096618F /* Release */ = {
			isa = XCBuildConfiguration;
			buildSettings = {
				ALWAYS_SEARCH_USER_PATHS = NO;
				CLANG_WARN_BOOL_CONVERSION = YES;
				CLANG_WARN_CONSTANT_CONVERSION = YES;
				CLANG_WARN_EMPTY_BODY = YES;
				CLANG_WARN_ENUM_CONVERSION = YES;
				CLANG_WARN_INT_CONVERSION = YES;
				CLANG_WARN_UNREACHABLE_CODE = YES;
				CLANG_WARN__DUPLICATE_METHOD_MATCH = YES;
				COPY_PHASE_STRIP = YES;
				DEBUG_INFORMATION_FORMAT = "dwarf-with-dsym";
				ENABLE_STRICT_OBJC_MSGSEND = YES;
				GCC_C_LANGUAGE_STANDARD = c99;
				GCC_ENABLE_OBJC_EXCEPTIONS = YES;
				GCC_NO_COMMON_BLOCKS = YES;
				GCC_TREAT_WARNINGS_AS_ERRORS = YES;
				GCC_VERSION = com.apple.compilers.llvm.clang.1_0;
				GCC_WARN_64_TO_32_BIT_CONVERSION = YES;
				GCC_WARN_ABOUT_MISSING_PROTOTYPES = YES;
				GCC_WARN_ABOUT_RETURN_TYPE = YES;
				GCC_WARN_PEDANTIC = NO;
				GCC_WARN_UNDECLARED_SELECTOR = YES;
				GCC_WARN_UNINITIALIZED_AUTOS = YES;
				GCC_WARN_UNUSED_FUNCTION = YES;
				GCC_WARN_UNUSED_VARIABLE = YES;
				MACOSX_DEPLOYMENT_TARGET = 10.7;
				SDKROOT = macosx;
			};
			name = Release;
		};
		D4F7345A140EF3E00096618F /* Debug */ = {
			isa = XCBuildConfiguration;
			buildSettings = {
				GCC_PRECOMPILE_PREFIX_HEADER = YES;
				GCC_PREFIX_HEADER = "";
				GCC_TREAT_WARNINGS_AS_ERRORS = YES;
				GCC_WARN_PEDANTIC = NO;
				HEADER_SEARCH_PATHS = src;
				PRODUCT_NAME = "$(TARGET_NAME)";
			};
			name = Debug;
		};
		D4F7345B140EF3E00096618F /* Release */ = {
			isa = XCBuildConfiguration;
			buildSettings = {
				GCC_PRECOMPILE_PREFIX_HEADER = YES;
				GCC_PREFIX_HEADER = "";
				GCC_TREAT_WARNINGS_AS_ERRORS = YES;
				GCC_WARN_PEDANTIC = NO;
				HEADER_SEARCH_PATHS = src;
				PRODUCT_NAME = "$(TARGET_NAME)";
			};
			name = Release;
		};
/* End XCBuildConfiguration section */

/* Begin XCConfigurationList section */
		D43ED599142146F800D25EEC /* Build configuration list for PBXNativeTarget "UnitTests" */ = {
			isa = XCConfigurationList;
			buildConfigurations = (
				D43ED597142146F800D25EEC /* Debug */,
				D43ED598142146F800D25EEC /* Release */,
			);
			defaultConfigurationIsVisible = 0;
			defaultConfigurationName = Release;
		};
		D4DEBADE1601A31B0031CF85 /* Build configuration list for PBXLegacyTarget "Check" */ = {
			isa = XCConfigurationList;
			buildConfigurations = (
				D4DEBADF1601A31B0031CF85 /* Debug */,
				D4DEBAE01601A31B0031CF85 /* Release */,
			);
			defaultConfigurationIsVisible = 0;
			defaultConfigurationName = Release;
		};
		D4F73449140EF3DF0096618F /* Build configuration list for PBXProject "FiendsAndFortune" */ = {
			isa = XCConfigurationList;
			buildConfigurations = (
				D4F73457140EF3E00096618F /* Debug */,
				D4F73458140EF3E00096618F /* Release */,
			);
			defaultConfigurationIsVisible = 0;
			defaultConfigurationName = Release;
		};
		D4F73459140EF3E00096618F /* Build configuration list for PBXNativeTarget "FiendsAndFortune" */ = {
			isa = XCConfigurationList;
			buildConfigurations = (
				D4F7345A140EF3E00096618F /* Debug */,
				D4F7345B140EF3E00096618F /* Release */,
			);
			defaultConfigurationIsVisible = 0;
			defaultConfigurationName = Release;
		};
/* End XCConfigurationList section */
	};
	rootObject = D4F73446140EF3DF0096618F /* Project object */;
}
